// !$*UTF8*$!
{
	archiveVersion = 1;
	classes = {
	};
	objectVersion = 52;
	objects = {

/* Begin PBXBuildFile section */
		5523A5482532C58700225F29 /* Plural.stringsdict in Resources */ = {isa = PBXBuildFile; fileRef = 5523A5472532C58700225F29 /* Plural.stringsdict */; };
		554C2BFD2532306C0021DBB4 /* Color.swift in Sources */ = {isa = PBXBuildFile; fileRef = 554C2BFC2532306C0021DBB4 /* Color.swift */; };
		554C2C01253230960021DBB4 /* + UIColor.swift in Sources */ = {isa = PBXBuildFile; fileRef = 554C2C00253230960021DBB4 /* + UIColor.swift */; };
		554C2C0C253233A80021DBB4 /* Assets.xcassets in Resources */ = {isa = PBXBuildFile; fileRef = 554C2C0B253233A80021DBB4 /* Assets.xcassets */; };
		558E81F02532388800CF078C /* R.generated.swift in Sources */ = {isa = PBXBuildFile; fileRef = 558E81EF2532388800CF078C /* R.generated.swift */; };
		558E81F7253238CA00CF078C /* Rswift in Frameworks */ = {isa = PBXBuildFile; productRef = 558E81F6253238CA00CF078C /* Rswift */; };
		55C53C492531D14F00BAA6E7 /* Resources.h in Headers */ = {isa = PBXBuildFile; fileRef = 55C53C472531D14F00BAA6E7 /* Resources.h */; settings = {ATTRIBUTES = (Public, ); }; };
/* End PBXBuildFile section */

/* Begin PBXFileReference section */
		5523A5472532C58700225F29 /* Plural.stringsdict */ = {isa = PBXFileReference; lastKnownFileType = text.plist.stringsdict; path = Plural.stringsdict; sourceTree = "<group>"; };
		554C2BFC2532306C0021DBB4 /* Color.swift */ = {isa = PBXFileReference; lastKnownFileType = sourcecode.swift; path = Color.swift; sourceTree = "<group>"; };
		554C2C00253230960021DBB4 /* + UIColor.swift */ = {isa = PBXFileReference; lastKnownFileType = sourcecode.swift; path = "+ UIColor.swift"; sourceTree = "<group>"; };
		554C2C0B253233A80021DBB4 /* Assets.xcassets */ = {isa = PBXFileReference; lastKnownFileType = folder.assetcatalog; path = Assets.xcassets; sourceTree = "<group>"; };
		558E81EF2532388800CF078C /* R.generated.swift */ = {isa = PBXFileReference; fileEncoding = 4; lastKnownFileType = sourcecode.swift; path = R.generated.swift; sourceTree = "<group>"; };
		55C53C442531D14F00BAA6E7 /* Resources.framework */ = {isa = PBXFileReference; explicitFileType = wrapper.framework; includeInIndex = 0; path = Resources.framework; sourceTree = BUILT_PRODUCTS_DIR; };
		55C53C472531D14F00BAA6E7 /* Resources.h */ = {isa = PBXFileReference; lastKnownFileType = sourcecode.c.h; path = Resources.h; sourceTree = "<group>"; };
		55C53C482531D14F00BAA6E7 /* Info.plist */ = {isa = PBXFileReference; lastKnownFileType = text.plist.xml; path = Info.plist; sourceTree = "<group>"; };
/* End PBXFileReference section */

/* Begin PBXFrameworksBuildPhase section */
		55C53C412531D14E00BAA6E7 /* Frameworks */ = {
			isa = PBXFrameworksBuildPhase;
			buildActionMask = 2147483647;
			files = (
				558E81F7253238CA00CF078C /* Rswift in Frameworks */,
			);
			runOnlyForDeploymentPostprocessing = 0;
		};
/* End PBXFrameworksBuildPhase section */

/* Begin PBXGroup section */
		5523A5462532C55C00225F29 /* Localization */ = {
			isa = PBXGroup;
			children = (
				5523A5472532C58700225F29 /* Plural.stringsdict */,
			);
			path = Localization;
			sourceTree = "<group>";
		};
		554C2BFB253230640021DBB4 /* Code */ = {
			isa = PBXGroup;
			children = (
				554C2BFF2532308C0021DBB4 /* Extensions */,
				554C2BFC2532306C0021DBB4 /* Color.swift */,
			);
			path = Code;
			sourceTree = "<group>";
		};
		554C2BFF2532308C0021DBB4 /* Extensions */ = {
			isa = PBXGroup;
			children = (
				554C2C00253230960021DBB4 /* + UIColor.swift */,
			);
			path = Extensions;
			sourceTree = "<group>";
		};
		554C2C0A2532339C0021DBB4 /* Resources */ = {
			isa = PBXGroup;
			children = (
				554C2C0B253233A80021DBB4 /* Assets.xcassets */,
			);
			path = Resources;
			sourceTree = "<group>";
		};
		558E81EE2532388800CF078C /* Generated */ = {
			isa = PBXGroup;
			children = (
				558E81EF2532388800CF078C /* R.generated.swift */,
			);
			path = Generated;
			sourceTree = "<group>";
		};
		55C53C3A2531D14E00BAA6E7 = {
			isa = PBXGroup;
			children = (
				55C53C462531D14F00BAA6E7 /* Resources */,
				55C53C452531D14F00BAA6E7 /* Products */,
			);
			sourceTree = "<group>";
		};
		55C53C452531D14F00BAA6E7 /* Products */ = {
			isa = PBXGroup;
			children = (
				55C53C442531D14F00BAA6E7 /* Resources.framework */,
			);
			name = Products;
			sourceTree = "<group>";
		};
		55C53C462531D14F00BAA6E7 /* Resources */ = {
			isa = PBXGroup;
			children = (
				5523A5462532C55C00225F29 /* Localization */,
				558E81EE2532388800CF078C /* Generated */,
				554C2C0A2532339C0021DBB4 /* Resources */,
				554C2BFB253230640021DBB4 /* Code */,
				55C53C472531D14F00BAA6E7 /* Resources.h */,
				55C53C482531D14F00BAA6E7 /* Info.plist */,
			);
			path = Resources;
			sourceTree = "<group>";
		};
/* End PBXGroup section */

/* Begin PBXHeadersBuildPhase section */
		55C53C3F2531D14E00BAA6E7 /* Headers */ = {
			isa = PBXHeadersBuildPhase;
			buildActionMask = 2147483647;
			files = (
				55C53C492531D14F00BAA6E7 /* Resources.h in Headers */,
			);
			runOnlyForDeploymentPostprocessing = 0;
		};
/* End PBXHeadersBuildPhase section */

/* Begin PBXNativeTarget section */
		55C53C432531D14E00BAA6E7 /* Resources */ = {
			isa = PBXNativeTarget;
			buildConfigurationList = 55C53C4C2531D14F00BAA6E7 /* Build configuration list for PBXNativeTarget "Resources" */;
			buildPhases = (
				554C2C352532352B0021DBB4 /* R.Swift */,
				55C53C3F2531D14E00BAA6E7 /* Headers */,
				55C53C402531D14E00BAA6E7 /* Sources */,
				55C53C412531D14E00BAA6E7 /* Frameworks */,
				55C53C422531D14E00BAA6E7 /* Resources */,
			);
			buildRules = (
			);
			dependencies = (
			);
			name = Resources;
			packageProductDependencies = (
				558E81F6253238CA00CF078C /* Rswift */,
			);
			productName = Resources;
			productReference = 55C53C442531D14F00BAA6E7 /* Resources.framework */;
			productType = "com.apple.product-type.framework";
		};
/* End PBXNativeTarget section */

/* Begin PBXProject section */
		55C53C3B2531D14E00BAA6E7 /* Project object */ = {
			isa = PBXProject;
			attributes = {
				LastUpgradeCheck = 1200;
				TargetAttributes = {
					55C53C432531D14E00BAA6E7 = {
						CreatedOnToolsVersion = 12.0.1;
						LastSwiftMigration = 1200;
					};
				};
			};
			buildConfigurationList = 55C53C3E2531D14E00BAA6E7 /* Build configuration list for PBXProject "Resources" */;
			compatibilityVersion = "Xcode 9.3";
			developmentRegion = en;
			hasScannedForEncodings = 0;
			knownRegions = (
				en,
				Base,
			);
			mainGroup = 55C53C3A2531D14E00BAA6E7;
			packageReferences = (
				558E81F5253238CA00CF078C /* XCRemoteSwiftPackageReference "R.swift" */,
			);
			productRefGroup = 55C53C452531D14F00BAA6E7 /* Products */;
			projectDirPath = "";
			projectRoot = "";
			targets = (
				55C53C432531D14E00BAA6E7 /* Resources */,
			);
		};
/* End PBXProject section */

/* Begin PBXResourcesBuildPhase section */
		55C53C422531D14E00BAA6E7 /* Resources */ = {
			isa = PBXResourcesBuildPhase;
			buildActionMask = 2147483647;
			files = (
				5523A5482532C58700225F29 /* Plural.stringsdict in Resources */,
				554C2C0C253233A80021DBB4 /* Assets.xcassets in Resources */,
			);
			runOnlyForDeploymentPostprocessing = 0;
		};
/* End PBXResourcesBuildPhase section */

/* Begin PBXShellScriptBuildPhase section */
		554C2C352532352B0021DBB4 /* R.Swift */ = {
			isa = PBXShellScriptBuildPhase;
			buildActionMask = 2147483647;
			files = (
			);
			inputFileListPaths = (
			);
			inputPaths = (
				"$TEMP_DIR/rswift-lastrun",
			);
			name = R.Swift;
			outputFileListPaths = (
			);
			outputPaths = (
				$SRCROOT/Resources/Generated/R.generated.swift,
			);
			runOnlyForDeploymentPostprocessing = 0;
			shellPath = /bin/sh;
			shellScript = "if mint list | grep -q 'R.swift'; then\n  mint run R.swift rswift generate --accessLevel public \"$SRCROOT/Resources/Generated/R.generated.swift\"\nelse\n  echo \"error: R.swift not installed; run 'mint bootstrap' to install\"\n  return -1\nfi\n";
		};
/* End PBXShellScriptBuildPhase section */

/* Begin PBXSourcesBuildPhase section */
		55C53C402531D14E00BAA6E7 /* Sources */ = {
			isa = PBXSourcesBuildPhase;
			buildActionMask = 2147483647;
			files = (
				554C2C01253230960021DBB4 /* + UIColor.swift in Sources */,
				554C2BFD2532306C0021DBB4 /* Color.swift in Sources */,
				558E81F02532388800CF078C /* R.generated.swift in Sources */,
			);
			runOnlyForDeploymentPostprocessing = 0;
		};
/* End PBXSourcesBuildPhase section */

/* Begin XCBuildConfiguration section */
		55C53C4A2531D14F00BAA6E7 /* Debug */ = {
			isa = XCBuildConfiguration;
			buildSettings = {
				ALWAYS_SEARCH_USER_PATHS = NO;
				CLANG_ANALYZER_NONNULL = YES;
				CLANG_ANALYZER_NUMBER_OBJECT_CONVERSION = YES_AGGRESSIVE;
				CLANG_CXX_LANGUAGE_STANDARD = "gnu++14";
				CLANG_CXX_LIBRARY = "libc++";
				CLANG_ENABLE_MODULES = YES;
				CLANG_ENABLE_OBJC_ARC = YES;
				CLANG_ENABLE_OBJC_WEAK = YES;
				CLANG_WARN_BLOCK_CAPTURE_AUTORELEASING = YES;
				CLANG_WARN_BOOL_CONVERSION = YES;
				CLANG_WARN_COMMA = YES;
				CLANG_WARN_CONSTANT_CONVERSION = YES;
				CLANG_WARN_DEPRECATED_OBJC_IMPLEMENTATIONS = YES;
				CLANG_WARN_DIRECT_OBJC_ISA_USAGE = YES_ERROR;
				CLANG_WARN_DOCUMENTATION_COMMENTS = YES;
				CLANG_WARN_EMPTY_BODY = YES;
				CLANG_WARN_ENUM_CONVERSION = YES;
				CLANG_WARN_INFINITE_RECURSION = YES;
				CLANG_WARN_INT_CONVERSION = YES;
				CLANG_WARN_NON_LITERAL_NULL_CONVERSION = YES;
				CLANG_WARN_OBJC_IMPLICIT_RETAIN_SELF = YES;
				CLANG_WARN_OBJC_LITERAL_CONVERSION = YES;
				CLANG_WARN_OBJC_ROOT_CLASS = YES_ERROR;
				CLANG_WARN_QUOTED_INCLUDE_IN_FRAMEWORK_HEADER = YES;
				CLANG_WARN_RANGE_LOOP_ANALYSIS = YES;
				CLANG_WARN_STRICT_PROTOTYPES = YES;
				CLANG_WARN_SUSPICIOUS_MOVE = YES;
				CLANG_WARN_UNGUARDED_AVAILABILITY = YES_AGGRESSIVE;
				CLANG_WARN_UNREACHABLE_CODE = YES;
				CLANG_WARN__DUPLICATE_METHOD_MATCH = YES;
				COPY_PHASE_STRIP = NO;
				CURRENT_PROJECT_VERSION = 1;
				DEBUG_INFORMATION_FORMAT = dwarf;
				ENABLE_STRICT_OBJC_MSGSEND = YES;
				ENABLE_TESTABILITY = YES;
				GCC_C_LANGUAGE_STANDARD = gnu11;
				GCC_DYNAMIC_NO_PIC = NO;
				GCC_NO_COMMON_BLOCKS = YES;
				GCC_OPTIMIZATION_LEVEL = 0;
				GCC_PREPROCESSOR_DEFINITIONS = (
					"DEBUG=1",
					"$(inherited)",
				);
				GCC_WARN_64_TO_32_BIT_CONVERSION = YES;
				GCC_WARN_ABOUT_RETURN_TYPE = YES_ERROR;
				GCC_WARN_UNDECLARED_SELECTOR = YES;
				GCC_WARN_UNINITIALIZED_AUTOS = YES_AGGRESSIVE;
				GCC_WARN_UNUSED_FUNCTION = YES;
				GCC_WARN_UNUSED_VARIABLE = YES;
				IPHONEOS_DEPLOYMENT_TARGET = 14.0;
				MTL_ENABLE_DEBUG_INFO = INCLUDE_SOURCE;
				MTL_FAST_MATH = YES;
				ONLY_ACTIVE_ARCH = YES;
				SDKROOT = iphoneos;
				SWIFT_ACTIVE_COMPILATION_CONDITIONS = DEBUG;
				SWIFT_OPTIMIZATION_LEVEL = "-Onone";
				VERSIONING_SYSTEM = "apple-generic";
				VERSION_INFO_PREFIX = "";
			};
			name = Debug;
		};
		55C53C4B2531D14F00BAA6E7 /* Release */ = {
			isa = XCBuildConfiguration;
			buildSettings = {
				ALWAYS_SEARCH_USER_PATHS = NO;
				CLANG_ANALYZER_NONNULL = YES;
				CLANG_ANALYZER_NUMBER_OBJECT_CONVERSION = YES_AGGRESSIVE;
				CLANG_CXX_LANGUAGE_STANDARD = "gnu++14";
				CLANG_CXX_LIBRARY = "libc++";
				CLANG_ENABLE_MODULES = YES;
				CLANG_ENABLE_OBJC_ARC = YES;
				CLANG_ENABLE_OBJC_WEAK = YES;
				CLANG_WARN_BLOCK_CAPTURE_AUTORELEASING = YES;
				CLANG_WARN_BOOL_CONVERSION = YES;
				CLANG_WARN_COMMA = YES;
				CLANG_WARN_CONSTANT_CONVERSION = YES;
				CLANG_WARN_DEPRECATED_OBJC_IMPLEMENTATIONS = YES;
				CLANG_WARN_DIRECT_OBJC_ISA_USAGE = YES_ERROR;
				CLANG_WARN_DOCUMENTATION_COMMENTS = YES;
				CLANG_WARN_EMPTY_BODY = YES;
				CLANG_WARN_ENUM_CONVERSION = YES;
				CLANG_WARN_INFINITE_RECURSION = YES;
				CLANG_WARN_INT_CONVERSION = YES;
				CLANG_WARN_NON_LITERAL_NULL_CONVERSION = YES;
				CLANG_WARN_OBJC_IMPLICIT_RETAIN_SELF = YES;
				CLANG_WARN_OBJC_LITERAL_CONVERSION = YES;
				CLANG_WARN_OBJC_ROOT_CLASS = YES_ERROR;
				CLANG_WARN_QUOTED_INCLUDE_IN_FRAMEWORK_HEADER = YES;
				CLANG_WARN_RANGE_LOOP_ANALYSIS = YES;
				CLANG_WARN_STRICT_PROTOTYPES = YES;
				CLANG_WARN_SUSPICIOUS_MOVE = YES;
				CLANG_WARN_UNGUARDED_AVAILABILITY = YES_AGGRESSIVE;
				CLANG_WARN_UNREACHABLE_CODE = YES;
				CLANG_WARN__DUPLICATE_METHOD_MATCH = YES;
				COPY_PHASE_STRIP = NO;
				CURRENT_PROJECT_VERSION = 1;
				DEBUG_INFORMATION_FORMAT = "dwarf-with-dsym";
				ENABLE_NS_ASSERTIONS = NO;
				ENABLE_STRICT_OBJC_MSGSEND = YES;
				GCC_C_LANGUAGE_STANDARD = gnu11;
				GCC_NO_COMMON_BLOCKS = YES;
				GCC_WARN_64_TO_32_BIT_CONVERSION = YES;
				GCC_WARN_ABOUT_RETURN_TYPE = YES_ERROR;
				GCC_WARN_UNDECLARED_SELECTOR = YES;
				GCC_WARN_UNINITIALIZED_AUTOS = YES_AGGRESSIVE;
				GCC_WARN_UNUSED_FUNCTION = YES;
				GCC_WARN_UNUSED_VARIABLE = YES;
				IPHONEOS_DEPLOYMENT_TARGET = 14.0;
				MTL_ENABLE_DEBUG_INFO = NO;
				MTL_FAST_MATH = YES;
				SDKROOT = iphoneos;
				SWIFT_COMPILATION_MODE = wholemodule;
				SWIFT_OPTIMIZATION_LEVEL = "-O";
				VALIDATE_PRODUCT = YES;
				VERSIONING_SYSTEM = "apple-generic";
				VERSION_INFO_PREFIX = "";
			};
			name = Release;
		};
		55C53C4D2531D14F00BAA6E7 /* Debug */ = {
			isa = XCBuildConfiguration;
			buildSettings = {
				CLANG_ENABLE_MODULES = YES;
				CODE_SIGN_STYLE = Automatic;
				DEFINES_MODULE = YES;
				DEVELOPMENT_TEAM = A7HQ3AATVX;
				DYLIB_COMPATIBILITY_VERSION = 1;
				DYLIB_CURRENT_VERSION = 1;
				DYLIB_INSTALL_NAME_BASE = "@rpath";
				INFOPLIST_FILE = Resources/Info.plist;
				INSTALL_PATH = "$(LOCAL_LIBRARY_DIR)/Frameworks";
				IPHONEOS_DEPLOYMENT_TARGET = 13.0;
				LD_RUNPATH_SEARCH_PATHS = (
					"$(inherited)",
					"@executable_path/Frameworks",
					"@loader_path/Frameworks",
				);
				PRODUCT_BUNDLE_IDENTIFIER = "com.IBI-Solutions.Resources";
				PRODUCT_NAME = "$(TARGET_NAME:c99extidentifier)";
				SKIP_INSTALL = YES;
				SUPPORTS_MACCATALYST = NO;
				SWIFT_OPTIMIZATION_LEVEL = "-Onone";
				SWIFT_VERSION = 5.0;
				TARGETED_DEVICE_FAMILY = 1;
			};
			name = Debug;
		};
		55C53C4E2531D14F00BAA6E7 /* Release */ = {
			isa = XCBuildConfiguration;
			buildSettings = {
				CLANG_ENABLE_MODULES = YES;
				CODE_SIGN_STYLE = Automatic;
				DEFINES_MODULE = YES;
				DEVELOPMENT_TEAM = A7HQ3AATVX;
				DYLIB_COMPATIBILITY_VERSION = 1;
				DYLIB_CURRENT_VERSION = 1;
				DYLIB_INSTALL_NAME_BASE = "@rpath";
				INFOPLIST_FILE = Resources/Info.plist;
				INSTALL_PATH = "$(LOCAL_LIBRARY_DIR)/Frameworks";
				IPHONEOS_DEPLOYMENT_TARGET = 13.0;
				LD_RUNPATH_SEARCH_PATHS = (
					"$(inherited)",
					"@executable_path/Frameworks",
					"@loader_path/Frameworks",
				);
				PRODUCT_BUNDLE_IDENTIFIER = "com.IBI-Solutions.Resources";
				PRODUCT_NAME = "$(TARGET_NAME:c99extidentifier)";
				SKIP_INSTALL = YES;
				SUPPORTS_MACCATALYST = NO;
				SWIFT_VERSION = 5.0;
				TARGETED_DEVICE_FAMILY = 1;
			};
			name = Release;
		};
/* End XCBuildConfiguration section */

/* Begin XCConfigurationList section */
		55C53C3E2531D14E00BAA6E7 /* Build configuration list for PBXProject "Resources" */ = {
			isa = XCConfigurationList;
			buildConfigurations = (
				55C53C4A2531D14F00BAA6E7 /* Debug */,
				55C53C4B2531D14F00BAA6E7 /* Release */,
			);
			defaultConfigurationIsVisible = 0;
			defaultConfigurationName = Release;
		};
		55C53C4C2531D14F00BAA6E7 /* Build configuration list for PBXNativeTarget "Resources" */ = {
			isa = XCConfigurationList;
			buildConfigurations = (
				55C53C4D2531D14F00BAA6E7 /* Debug */,
				55C53C4E2531D14F00BAA6E7 /* Release */,
			);
			defaultConfigurationIsVisible = 0;
			defaultConfigurationName = Release;
		};
/* End XCConfigurationList section */

/* Begin XCRemoteSwiftPackageReference section */
		558E81F5253238CA00CF078C /* XCRemoteSwiftPackageReference "R.swift" */ = {
			isa = XCRemoteSwiftPackageReference;
			repositoryURL = "https://github.com/mac-cain13/R.swift.Library";
			requirement = {
				kind = exactVersion;
				version = 5.2.0;
			};
		};
/* End XCRemoteSwiftPackageReference section */

/* Begin XCSwiftPackageProductDependency section */
		558E81F6253238CA00CF078C /* Rswift */ = {
			isa = XCSwiftPackageProductDependency;
			package = 558E81F5253238CA00CF078C /* XCRemoteSwiftPackageReference "R.swift" */;
			productName = Rswift;
		};
/* End XCSwiftPackageProductDependency section */
	};
	rootObject = 55C53C3B2531D14E00BAA6E7 /* Project object */;
}
