// !$*UTF8*$!
{
	archiveVersion = 1;
	classes = {
	};
	objectVersion = 51;
	objects = {

/* Begin PBXBuildFile section */
		30A6913365BEB749CEBA3549 /* Assets.xcassets in Resources */ = {isa = PBXBuildFile; fileRef = 3F1ED4B62E53102EEBE5F975 /* Assets.xcassets */; };
		557815D42531B897007BBD34 /* + UINavigationController.swift in Sources */ = {isa = PBXBuildFile; fileRef = 557815D32531B897007BBD34 /* + UINavigationController.swift */; };
		55AF3C3A2531B06D00AF9F3D /* Coordinator.swift in Sources */ = {isa = PBXBuildFile; fileRef = 55AF3C392531B06D00AF9F3D /* Coordinator.swift */; };
		55AF3C3D2531B09300AF9F3D /* BaseCoordinator.swift in Sources */ = {isa = PBXBuildFile; fileRef = 55AF3C3C2531B09300AF9F3D /* BaseCoordinator.swift */; };
		55AF3C422531B10600AF9F3D /* Router.swift in Sources */ = {isa = PBXBuildFile; fileRef = 55AF3C412531B10600AF9F3D /* Router.swift */; };
		55AF3C452531B1A000AF9F3D /* Presentable.swift in Sources */ = {isa = PBXBuildFile; fileRef = 55AF3C442531B1A000AF9F3D /* Presentable.swift */; };
		55AF3C492531B24500AF9F3D /* Closure.swift in Sources */ = {isa = PBXBuildFile; fileRef = 55AF3C482531B24500AF9F3D /* Closure.swift */; };
		55AF3C4C2531B36E00AF9F3D /* AppCoordinator.swift in Sources */ = {isa = PBXBuildFile; fileRef = 55AF3C4B2531B36E00AF9F3D /* AppCoordinator.swift */; };
		55AF3C502531B3DA00AF9F3D /* AppCoordinatorFactory.swift in Sources */ = {isa = PBXBuildFile; fileRef = 55AF3C4E2531B3DA00AF9F3D /* AppCoordinatorFactory.swift */; };
		55AF3C512531B3DA00AF9F3D /* AppModuleFactory.swift in Sources */ = {isa = PBXBuildFile; fileRef = 55AF3C4F2531B3DA00AF9F3D /* AppModuleFactory.swift */; };
		55AF3C542531B42400AF9F3D /* ModuleFactory.swift in Sources */ = {isa = PBXBuildFile; fileRef = 55AF3C532531B42400AF9F3D /* ModuleFactory.swift */; };
		55AF3C572531B47700AF9F3D /* CoordinatorFactory.swift in Sources */ = {isa = PBXBuildFile; fileRef = 55AF3C562531B47700AF9F3D /* CoordinatorFactory.swift */; };
		55AF3C5A2531B49B00AF9F3D /* RouterImp.swift in Sources */ = {isa = PBXBuildFile; fileRef = 55AF3C592531B49B00AF9F3D /* RouterImp.swift */; };
		55AF3C5E2531B60900AF9F3D /* + UIViewController.swift in Sources */ = {isa = PBXBuildFile; fileRef = 55AF3C5D2531B60900AF9F3D /* + UIViewController.swift */; };
		55AF3C682531BCC200AF9F3D /* StarterCoordinator.swift in Sources */ = {isa = PBXBuildFile; fileRef = 55AF3C652531BCC200AF9F3D /* StarterCoordinator.swift */; };
		55AF3C692531BCC200AF9F3D /* StarterCoordinatorFactory.swift in Sources */ = {isa = PBXBuildFile; fileRef = 55AF3C662531BCC200AF9F3D /* StarterCoordinatorFactory.swift */; };
		55AF3C6A2531BCC200AF9F3D /* StarterModuleFactory.swift in Sources */ = {isa = PBXBuildFile; fileRef = 55AF3C672531BCC200AF9F3D /* StarterModuleFactory.swift */; };
		55AF3C702531BD3C00AF9F3D /* ChooseFlowPresenter.swift in Sources */ = {isa = PBXBuildFile; fileRef = 55AF3C6E2531BD3C00AF9F3D /* ChooseFlowPresenter.swift */; };
		55AF3C712531BD3C00AF9F3D /* ChooseFlowViewController.swift in Sources */ = {isa = PBXBuildFile; fileRef = 55AF3C6F2531BD3C00AF9F3D /* ChooseFlowViewController.swift */; };
		55C53C162531BFC900BAA6E7 /* VTBUI.framework in Frameworks */ = {isa = PBXBuildFile; fileRef = 55C53C152531BFC900BAA6E7 /* VTBUI.framework */; };
		55C53C172531BFC900BAA6E7 /* VTBUI.framework in Embed Frameworks */ = {isa = PBXBuildFile; fileRef = 55C53C152531BFC900BAA6E7 /* VTBUI.framework */; settings = {ATTRIBUTES = (CodeSignOnCopy, RemoveHeadersOnCopy, ); }; };
		55C53C1B2531C26000BAA6E7 /* + UIStackView.swift in Sources */ = {isa = PBXBuildFile; fileRef = 55C53C1A2531C26000BAA6E7 /* + UIStackView.swift */; };
		55C53C202531C3EC00BAA6E7 /* ScanPresenter.swift in Sources */ = {isa = PBXBuildFile; fileRef = 55C53C1E2531C3EC00BAA6E7 /* ScanPresenter.swift */; };
		55C53C212531C3EC00BAA6E7 /* ScanViewController.swift in Sources */ = {isa = PBXBuildFile; fileRef = 55C53C1F2531C3EC00BAA6E7 /* ScanViewController.swift */; };
		55C53C252531C6D700BAA6E7 /* CreditCalculatorPresenter.swift in Sources */ = {isa = PBXBuildFile; fileRef = 55C53C232531C6D700BAA6E7 /* CreditCalculatorPresenter.swift */; };
		55C53C262531C6D700BAA6E7 /* CreditCalculatorViewController.swift in Sources */ = {isa = PBXBuildFile; fileRef = 55C53C242531C6D700BAA6E7 /* CreditCalculatorViewController.swift */; };
		55C53C362531CC1D00BAA6E7 /* CreditCoordinator.swift in Sources */ = {isa = PBXBuildFile; fileRef = 55C53C332531CC1D00BAA6E7 /* CreditCoordinator.swift */; };
		55C53C372531CC1D00BAA6E7 /* CreditCoordinatorFactory.swift in Sources */ = {isa = PBXBuildFile; fileRef = 55C53C342531CC1D00BAA6E7 /* CreditCoordinatorFactory.swift */; };
		55C53C382531CC1D00BAA6E7 /* CreditModuleFactory.swift in Sources */ = {isa = PBXBuildFile; fileRef = 55C53C352531CC1D00BAA6E7 /* CreditModuleFactory.swift */; };
		55C53C522531D1AD00BAA6E7 /* Resources.framework in Frameworks */ = {isa = PBXBuildFile; fileRef = 55C53C512531D1AD00BAA6E7 /* Resources.framework */; };
		55C53C532531D1AD00BAA6E7 /* Resources.framework in Embed Frameworks */ = {isa = PBXBuildFile; fileRef = 55C53C512531D1AD00BAA6E7 /* Resources.framework */; settings = {ATTRIBUTES = (CodeSignOnCopy, RemoveHeadersOnCopy, ); }; };
		55C53C562531D1BD00BAA6E7 /* CreditResultPresenter.swift in Sources */ = {isa = PBXBuildFile; fileRef = 55C53C542531D1BD00BAA6E7 /* CreditResultPresenter.swift */; };
		55C53C572531D1BD00BAA6E7 /* CreditResultViewController.swift in Sources */ = {isa = PBXBuildFile; fileRef = 55C53C552531D1BD00BAA6E7 /* CreditResultViewController.swift */; };
		55C53C592531D9CD00BAA6E7 /* YOLOv3Tiny.mlmodel in Sources */ = {isa = PBXBuildFile; fileRef = 55C53C582531D9CD00BAA6E7 /* YOLOv3Tiny.mlmodel */; };
		55C53C5C2531DB9100BAA6E7 /* VideoCapture.swift in Sources */ = {isa = PBXBuildFile; fileRef = 55C53C5B2531DB9100BAA6E7 /* VideoCapture.swift */; };
		55C53C5E2531E30B00BAA6E7 /* + VNRecognizedObjectObservation.swift in Sources */ = {isa = PBXBuildFile; fileRef = 55C53C5D2531E30B00BAA6E7 /* + VNRecognizedObjectObservation.swift */; };
		5AF8862A7B4022E43A1C9339 /* LaunchScreen.storyboard in Resources */ = {isa = PBXBuildFile; fileRef = 897D59029163E6B8925C7B4F /* LaunchScreen.storyboard */; };
		92EAA9AD59E02F0F4BDC566F /* ViewController.swift in Sources */ = {isa = PBXBuildFile; fileRef = DD6C1EB869087AE74C13CE84 /* ViewController.swift */; };
		FCEA5DB9E180A76AABC9369F /* AppDelegate.swift in Sources */ = {isa = PBXBuildFile; fileRef = BB075C1327A156E59A2E6507 /* AppDelegate.swift */; };
/* End PBXBuildFile section */

/* Begin PBXCopyFilesBuildPhase section */
		55C53C192531BFC900BAA6E7 /* Embed Frameworks */ = {
			isa = PBXCopyFilesBuildPhase;
			buildActionMask = 2147483647;
			dstPath = "";
			dstSubfolderSpec = 10;
			files = (
				55C53C532531D1AD00BAA6E7 /* Resources.framework in Embed Frameworks */,
				55C53C172531BFC900BAA6E7 /* VTBUI.framework in Embed Frameworks */,
			);
			name = "Embed Frameworks";
			runOnlyForDeploymentPostprocessing = 0;
		};
/* End PBXCopyFilesBuildPhase section */

/* Begin PBXFileReference section */
		3F1952C71185AB0314F9B163 /* Info.plist */ = {isa = PBXFileReference; lastKnownFileType = text.plist; path = Info.plist; sourceTree = "<group>"; };
		3F1ED4B62E53102EEBE5F975 /* Assets.xcassets */ = {isa = PBXFileReference; lastKnownFileType = folder.assetcatalog; path = Assets.xcassets; sourceTree = "<group>"; };
		557815D32531B897007BBD34 /* + UINavigationController.swift */ = {isa = PBXFileReference; lastKnownFileType = sourcecode.swift; path = "+ UINavigationController.swift"; sourceTree = "<group>"; };
		55AF3C392531B06D00AF9F3D /* Coordinator.swift */ = {isa = PBXFileReference; lastKnownFileType = sourcecode.swift; path = Coordinator.swift; sourceTree = "<group>"; };
		55AF3C3C2531B09300AF9F3D /* BaseCoordinator.swift */ = {isa = PBXFileReference; lastKnownFileType = sourcecode.swift; path = BaseCoordinator.swift; sourceTree = "<group>"; };
		55AF3C412531B10600AF9F3D /* Router.swift */ = {isa = PBXFileReference; lastKnownFileType = sourcecode.swift; path = Router.swift; sourceTree = "<group>"; };
		55AF3C442531B1A000AF9F3D /* Presentable.swift */ = {isa = PBXFileReference; lastKnownFileType = sourcecode.swift; path = Presentable.swift; sourceTree = "<group>"; };
		55AF3C482531B24500AF9F3D /* Closure.swift */ = {isa = PBXFileReference; lastKnownFileType = sourcecode.swift; path = Closure.swift; sourceTree = "<group>"; };
		55AF3C4B2531B36E00AF9F3D /* AppCoordinator.swift */ = {isa = PBXFileReference; lastKnownFileType = sourcecode.swift; path = AppCoordinator.swift; sourceTree = "<group>"; };
		55AF3C4E2531B3DA00AF9F3D /* AppCoordinatorFactory.swift */ = {isa = PBXFileReference; lastKnownFileType = sourcecode.swift; path = AppCoordinatorFactory.swift; sourceTree = "<group>"; };
		55AF3C4F2531B3DA00AF9F3D /* AppModuleFactory.swift */ = {isa = PBXFileReference; lastKnownFileType = sourcecode.swift; path = AppModuleFactory.swift; sourceTree = "<group>"; };
		55AF3C532531B42400AF9F3D /* ModuleFactory.swift */ = {isa = PBXFileReference; lastKnownFileType = sourcecode.swift; path = ModuleFactory.swift; sourceTree = "<group>"; };
		55AF3C562531B47700AF9F3D /* CoordinatorFactory.swift */ = {isa = PBXFileReference; lastKnownFileType = sourcecode.swift; path = CoordinatorFactory.swift; sourceTree = "<group>"; };
		55AF3C592531B49B00AF9F3D /* RouterImp.swift */ = {isa = PBXFileReference; lastKnownFileType = sourcecode.swift; path = RouterImp.swift; sourceTree = "<group>"; };
		55AF3C5D2531B60900AF9F3D /* + UIViewController.swift */ = {isa = PBXFileReference; lastKnownFileType = sourcecode.swift; path = "+ UIViewController.swift"; sourceTree = "<group>"; };
		55AF3C652531BCC200AF9F3D /* StarterCoordinator.swift */ = {isa = PBXFileReference; lastKnownFileType = sourcecode.swift; path = StarterCoordinator.swift; sourceTree = "<group>"; };
		55AF3C662531BCC200AF9F3D /* StarterCoordinatorFactory.swift */ = {isa = PBXFileReference; lastKnownFileType = sourcecode.swift; path = StarterCoordinatorFactory.swift; sourceTree = "<group>"; };
		55AF3C672531BCC200AF9F3D /* StarterModuleFactory.swift */ = {isa = PBXFileReference; lastKnownFileType = sourcecode.swift; path = StarterModuleFactory.swift; sourceTree = "<group>"; };
		55AF3C6E2531BD3C00AF9F3D /* ChooseFlowPresenter.swift */ = {isa = PBXFileReference; lastKnownFileType = sourcecode.swift; path = ChooseFlowPresenter.swift; sourceTree = "<group>"; };
		55AF3C6F2531BD3C00AF9F3D /* ChooseFlowViewController.swift */ = {isa = PBXFileReference; lastKnownFileType = sourcecode.swift; path = ChooseFlowViewController.swift; sourceTree = "<group>"; };
		55C53C152531BFC900BAA6E7 /* VTBUI.framework */ = {isa = PBXFileReference; explicitFileType = wrapper.framework; path = VTBUI.framework; sourceTree = BUILT_PRODUCTS_DIR; };
		55C53C1A2531C26000BAA6E7 /* + UIStackView.swift */ = {isa = PBXFileReference; lastKnownFileType = sourcecode.swift; path = "+ UIStackView.swift"; sourceTree = "<group>"; };
		55C53C1E2531C3EC00BAA6E7 /* ScanPresenter.swift */ = {isa = PBXFileReference; lastKnownFileType = sourcecode.swift; path = ScanPresenter.swift; sourceTree = "<group>"; };
		55C53C1F2531C3EC00BAA6E7 /* ScanViewController.swift */ = {isa = PBXFileReference; lastKnownFileType = sourcecode.swift; path = ScanViewController.swift; sourceTree = "<group>"; };
		55C53C232531C6D700BAA6E7 /* CreditCalculatorPresenter.swift */ = {isa = PBXFileReference; lastKnownFileType = sourcecode.swift; path = CreditCalculatorPresenter.swift; sourceTree = "<group>"; };
		55C53C242531C6D700BAA6E7 /* CreditCalculatorViewController.swift */ = {isa = PBXFileReference; lastKnownFileType = sourcecode.swift; path = CreditCalculatorViewController.swift; sourceTree = "<group>"; };
		55C53C332531CC1D00BAA6E7 /* CreditCoordinator.swift */ = {isa = PBXFileReference; lastKnownFileType = sourcecode.swift; path = CreditCoordinator.swift; sourceTree = "<group>"; };
		55C53C342531CC1D00BAA6E7 /* CreditCoordinatorFactory.swift */ = {isa = PBXFileReference; lastKnownFileType = sourcecode.swift; path = CreditCoordinatorFactory.swift; sourceTree = "<group>"; };
		55C53C352531CC1D00BAA6E7 /* CreditModuleFactory.swift */ = {isa = PBXFileReference; lastKnownFileType = sourcecode.swift; path = CreditModuleFactory.swift; sourceTree = "<group>"; };
		55C53C512531D1AD00BAA6E7 /* Resources.framework */ = {isa = PBXFileReference; explicitFileType = wrapper.framework; path = Resources.framework; sourceTree = BUILT_PRODUCTS_DIR; };
		55C53C542531D1BD00BAA6E7 /* CreditResultPresenter.swift */ = {isa = PBXFileReference; lastKnownFileType = sourcecode.swift; path = CreditResultPresenter.swift; sourceTree = "<group>"; };
		55C53C552531D1BD00BAA6E7 /* CreditResultViewController.swift */ = {isa = PBXFileReference; lastKnownFileType = sourcecode.swift; path = CreditResultViewController.swift; sourceTree = "<group>"; };
		55C53C582531D9CD00BAA6E7 /* YOLOv3Tiny.mlmodel */ = {isa = PBXFileReference; lastKnownFileType = file.mlmodel; path = YOLOv3Tiny.mlmodel; sourceTree = "<group>"; };
		55C53C5B2531DB9100BAA6E7 /* VideoCapture.swift */ = {isa = PBXFileReference; lastKnownFileType = sourcecode.swift; path = VideoCapture.swift; sourceTree = "<group>"; };
		55C53C5D2531E30B00BAA6E7 /* + VNRecognizedObjectObservation.swift */ = {isa = PBXFileReference; lastKnownFileType = sourcecode.swift; path = "+ VNRecognizedObjectObservation.swift"; sourceTree = "<group>"; };
		90A7EC6362B68882BC38C2F1 /* VTB.app */ = {isa = PBXFileReference; explicitFileType = wrapper.application; includeInIndex = 0; path = VTB.app; sourceTree = BUILT_PRODUCTS_DIR; };
		BB075C1327A156E59A2E6507 /* AppDelegate.swift */ = {isa = PBXFileReference; lastKnownFileType = sourcecode.swift; path = AppDelegate.swift; sourceTree = "<group>"; };
		C583FA14094266DD7994FFC6 /* Base */ = {isa = PBXFileReference; lastKnownFileType = file.storyboard; name = Base; path = Base.lproj/LaunchScreen.storyboard; sourceTree = "<group>"; };
		DD6C1EB869087AE74C13CE84 /* ViewController.swift */ = {isa = PBXFileReference; lastKnownFileType = sourcecode.swift; path = ViewController.swift; sourceTree = "<group>"; };
/* End PBXFileReference section */

/* Begin PBXFrameworksBuildPhase section */
		55C53C182531BFC900BAA6E7 /* Frameworks */ = {
			isa = PBXFrameworksBuildPhase;
			buildActionMask = 2147483647;
			files = (
				55C53C522531D1AD00BAA6E7 /* Resources.framework in Frameworks */,
				55C53C162531BFC900BAA6E7 /* VTBUI.framework in Frameworks */,
			);
			runOnlyForDeploymentPostprocessing = 0;
		};
/* End PBXFrameworksBuildPhase section */

/* Begin PBXGroup section */
		22A9D9D6A479E3F2C1D674CE /* Resources */ = {
			isa = PBXGroup;
			children = (
				55C53C582531D9CD00BAA6E7 /* YOLOv3Tiny.mlmodel */,
				3F1ED4B62E53102EEBE5F975 /* Assets.xcassets */,
				897D59029163E6B8925C7B4F /* LaunchScreen.storyboard */,
			);
			path = Resources;
			sourceTree = "<group>";
		};
		3F6F1FA2002B2E81600E0DA8 /* Code */ = {
			isa = PBXGroup;
			children = (
				55AF3C472531B22F00AF9F3D /* Helpers */,
				55AF3C382531AFED00AF9F3D /* Flow */,
				55AF3C372531AFC200AF9F3D /* Core */,
				C8E331D5097B74F4CC5A5FF0 /* AppDelegate */,
				DD6C1EB869087AE74C13CE84 /* ViewController.swift */,
			);
			path = Code;
			sourceTree = "<group>";
		};
		419C3F0B9B9020E6C4C0322A /* VTB */ = {
			isa = PBXGroup;
			children = (
				3F6F1FA2002B2E81600E0DA8 /* Code */,
				22A9D9D6A479E3F2C1D674CE /* Resources */,
				646F1C2EF49B0D73981043C8 /* SupportingFiles */,
			);
			path = VTB;
			sourceTree = "<group>";
		};
		4CD0D9D21123919C8ADC923B = {
			isa = PBXGroup;
			children = (
				419C3F0B9B9020E6C4C0322A /* VTB */,
				7E7F8088CD002370F4E4324A /* Products */,
				55C53C142531BFC900BAA6E7 /* Frameworks */,
			);
			sourceTree = "<group>";
		};
		55AF3C372531AFC200AF9F3D /* Core */ = {
			isa = PBXGroup;
			children = (
				55AF3C5C2531B5FC00AF9F3D /* Extensions */,
				55AF3C402531B0F700AF9F3D /* Routing */,
				55AF3C3F2531B0ED00AF9F3D /* Coordinator */,
			);
			path = Core;
			sourceTree = "<group>";
		};
		55AF3C382531AFED00AF9F3D /* Flow */ = {
			isa = PBXGroup;
			children = (
				55C53C322531CC0A00BAA6E7 /* Credit */,
				55AF3C6C2531BD0C00AF9F3D /* Starter */,
			);
			path = Flow;
			sourceTree = "<group>";
		};
		55AF3C3F2531B0ED00AF9F3D /* Coordinator */ = {
			isa = PBXGroup;
			children = (
				55AF3C392531B06D00AF9F3D /* Coordinator.swift */,
				55AF3C3C2531B09300AF9F3D /* BaseCoordinator.swift */,
				55AF3C532531B42400AF9F3D /* ModuleFactory.swift */,
				55AF3C562531B47700AF9F3D /* CoordinatorFactory.swift */,
			);
			path = Coordinator;
			sourceTree = "<group>";
		};
		55AF3C402531B0F700AF9F3D /* Routing */ = {
			isa = PBXGroup;
			children = (
				55AF3C412531B10600AF9F3D /* Router.swift */,
				55AF3C442531B1A000AF9F3D /* Presentable.swift */,
				55AF3C592531B49B00AF9F3D /* RouterImp.swift */,
			);
			path = Routing;
			sourceTree = "<group>";
		};
		55AF3C472531B22F00AF9F3D /* Helpers */ = {
			isa = PBXGroup;
			children = (
				55AF3C482531B24500AF9F3D /* Closure.swift */,
			);
			path = Helpers;
			sourceTree = "<group>";
		};
		55AF3C5C2531B5FC00AF9F3D /* Extensions */ = {
			isa = PBXGroup;
			children = (
				55AF3C5D2531B60900AF9F3D /* + UIViewController.swift */,
				557815D32531B897007BBD34 /* + UINavigationController.swift */,
				55C53C1A2531C26000BAA6E7 /* + UIStackView.swift */,
				55C53C5D2531E30B00BAA6E7 /* + VNRecognizedObjectObservation.swift */,
			);
			path = Extensions;
			sourceTree = "<group>";
		};
		55AF3C6C2531BD0C00AF9F3D /* Starter */ = {
			isa = PBXGroup;
			children = (
				55C53C1C2531C3D000BAA6E7 /* Modules */,
				55AF3C652531BCC200AF9F3D /* StarterCoordinator.swift */,
				55AF3C662531BCC200AF9F3D /* StarterCoordinatorFactory.swift */,
				55AF3C672531BCC200AF9F3D /* StarterModuleFactory.swift */,
			);
			path = Starter;
			sourceTree = "<group>";
		};
		55AF3C6D2531BD2400AF9F3D /* ChooseFlow */ = {
			isa = PBXGroup;
			children = (
				55AF3C6E2531BD3C00AF9F3D /* ChooseFlowPresenter.swift */,
				55AF3C6F2531BD3C00AF9F3D /* ChooseFlowViewController.swift */,
			);
			path = ChooseFlow;
			sourceTree = "<group>";
		};
		55C53C142531BFC900BAA6E7 /* Frameworks */ = {
			isa = PBXGroup;
			children = (
				55C53C512531D1AD00BAA6E7 /* Resources.framework */,
				55C53C152531BFC900BAA6E7 /* VTBUI.framework */,
			);
			name = Frameworks;
			sourceTree = "<group>";
		};
		55C53C1C2531C3D000BAA6E7 /* Modules */ = {
			isa = PBXGroup;
			children = (
				55C53C1D2531C3D800BAA6E7 /* Scan */,
				55AF3C6D2531BD2400AF9F3D /* ChooseFlow */,
			);
			path = Modules;
			sourceTree = "<group>";
		};
		55C53C1D2531C3D800BAA6E7 /* Scan */ = {
			isa = PBXGroup;
			children = (
				55C53C5A2531DB7F00BAA6E7 /* Capture */,
				55C53C1E2531C3EC00BAA6E7 /* ScanPresenter.swift */,
				55C53C1F2531C3EC00BAA6E7 /* ScanViewController.swift */,
			);
			path = Scan;
			sourceTree = "<group>";
		};
		55C53C222531C6C800BAA6E7 /* CreditCalculator */ = {
			isa = PBXGroup;
			children = (
				55C53C232531C6D700BAA6E7 /* CreditCalculatorPresenter.swift */,
				55C53C242531C6D700BAA6E7 /* CreditCalculatorViewController.swift */,
			);
			path = CreditCalculator;
			sourceTree = "<group>";
		};
		55C53C322531CC0A00BAA6E7 /* Credit */ = {
			isa = PBXGroup;
			children = (
				55C53C392531D0FF00BAA6E7 /* CreditResult */,
				55C53C222531C6C800BAA6E7 /* CreditCalculator */,
				55C53C332531CC1D00BAA6E7 /* CreditCoordinator.swift */,
				55C53C342531CC1D00BAA6E7 /* CreditCoordinatorFactory.swift */,
				55C53C352531CC1D00BAA6E7 /* CreditModuleFactory.swift */,
			);
			path = Credit;
			sourceTree = "<group>";
		};
		55C53C392531D0FF00BAA6E7 /* CreditResult */ = {
			isa = PBXGroup;
			children = (
				55C53C542531D1BD00BAA6E7 /* CreditResultPresenter.swift */,
				55C53C552531D1BD00BAA6E7 /* CreditResultViewController.swift */,
			);
			path = CreditResult;
			sourceTree = "<group>";
		};
		55C53C5A2531DB7F00BAA6E7 /* Capture */ = {
			isa = PBXGroup;
			children = (
				55C53C5B2531DB9100BAA6E7 /* VideoCapture.swift */,
			);
			path = Capture;
			sourceTree = "<group>";
		};
		646F1C2EF49B0D73981043C8 /* SupportingFiles */ = {
			isa = PBXGroup;
			children = (
				3F1952C71185AB0314F9B163 /* Info.plist */,
			);
			path = SupportingFiles;
			sourceTree = "<group>";
		};
		7E7F8088CD002370F4E4324A /* Products */ = {
			isa = PBXGroup;
			children = (
				90A7EC6362B68882BC38C2F1 /* VTB.app */,
			);
			name = Products;
			sourceTree = "<group>";
		};
		C8E331D5097B74F4CC5A5FF0 /* AppDelegate */ = {
			isa = PBXGroup;
			children = (
				BB075C1327A156E59A2E6507 /* AppDelegate.swift */,
				55AF3C4B2531B36E00AF9F3D /* AppCoordinator.swift */,
				55AF3C4E2531B3DA00AF9F3D /* AppCoordinatorFactory.swift */,
				55AF3C4F2531B3DA00AF9F3D /* AppModuleFactory.swift */,
			);
			path = AppDelegate;
			sourceTree = "<group>";
		};
/* End PBXGroup section */

/* Begin PBXNativeTarget section */
		9258D1D726D15D79AEED0FB0 /* VTB */ = {
			isa = PBXNativeTarget;
			buildConfigurationList = B0270E9C225AD442FBD467D1 /* Build configuration list for PBXNativeTarget "VTB" */;
			buildPhases = (
				641013943C19C3AAD132B8DD /* Sources */,
				0F6FD3072863CC9EFF52698E /* Resources */,
				55C53C182531BFC900BAA6E7 /* Frameworks */,
				55C53C192531BFC900BAA6E7 /* Embed Frameworks */,
			);
			buildRules = (
			);
			dependencies = (
			);
			name = VTB;
			productName = VTB;
			productReference = 90A7EC6362B68882BC38C2F1 /* VTB.app */;
			productType = "com.apple.product-type.application";
		};
/* End PBXNativeTarget section */

/* Begin PBXProject section */
		7AD6A0E569E0F8A462B3122F /* Project object */ = {
			isa = PBXProject;
			attributes = {
				LastUpgradeCheck = 1200;
				ORGANIZATIONNAME = "IBI-Solutions";
			};
			buildConfigurationList = 954EFE515E3BE155C4CF9C71 /* Build configuration list for PBXProject "VTB" */;
			compatibilityVersion = "Xcode 10.0";
			developmentRegion = en;
			hasScannedForEncodings = 0;
			knownRegions = (
				Base,
				en,
			);
			mainGroup = 4CD0D9D21123919C8ADC923B;
			projectDirPath = "";
			projectRoot = "";
			targets = (
				9258D1D726D15D79AEED0FB0 /* VTB */,
			);
		};
/* End PBXProject section */

/* Begin PBXResourcesBuildPhase section */
		0F6FD3072863CC9EFF52698E /* Resources */ = {
			isa = PBXResourcesBuildPhase;
			buildActionMask = 2147483647;
			files = (
				30A6913365BEB749CEBA3549 /* Assets.xcassets in Resources */,
				5AF8862A7B4022E43A1C9339 /* LaunchScreen.storyboard in Resources */,
			);
			runOnlyForDeploymentPostprocessing = 0;
		};
/* End PBXResourcesBuildPhase section */

/* Begin PBXSourcesBuildPhase section */
		641013943C19C3AAD132B8DD /* Sources */ = {
			isa = PBXSourcesBuildPhase;
			buildActionMask = 2147483647;
			files = (
				55C53C592531D9CD00BAA6E7 /* YOLOv3Tiny.mlmodel in Sources */,
				55C53C1B2531C26000BAA6E7 /* + UIStackView.swift in Sources */,
				55AF3C4C2531B36E00AF9F3D /* AppCoordinator.swift in Sources */,
				55AF3C5A2531B49B00AF9F3D /* RouterImp.swift in Sources */,
				55C53C202531C3EC00BAA6E7 /* ScanPresenter.swift in Sources */,
				557815D42531B897007BBD34 /* + UINavigationController.swift in Sources */,
				55AF3C422531B10600AF9F3D /* Router.swift in Sources */,
				FCEA5DB9E180A76AABC9369F /* AppDelegate.swift in Sources */,
				55AF3C702531BD3C00AF9F3D /* ChooseFlowPresenter.swift in Sources */,
				55C53C562531D1BD00BAA6E7 /* CreditResultPresenter.swift in Sources */,
				55AF3C3A2531B06D00AF9F3D /* Coordinator.swift in Sources */,
				55C53C382531CC1D00BAA6E7 /* CreditModuleFactory.swift in Sources */,
				55C53C252531C6D700BAA6E7 /* CreditCalculatorPresenter.swift in Sources */,
				55C53C262531C6D700BAA6E7 /* CreditCalculatorViewController.swift in Sources */,
				55AF3C542531B42400AF9F3D /* ModuleFactory.swift in Sources */,
				55C53C372531CC1D00BAA6E7 /* CreditCoordinatorFactory.swift in Sources */,
				55AF3C712531BD3C00AF9F3D /* ChooseFlowViewController.swift in Sources */,
				55AF3C5E2531B60900AF9F3D /* + UIViewController.swift in Sources */,
				55AF3C3D2531B09300AF9F3D /* BaseCoordinator.swift in Sources */,
				55AF3C682531BCC200AF9F3D /* StarterCoordinator.swift in Sources */,
				55AF3C6A2531BCC200AF9F3D /* StarterModuleFactory.swift in Sources */,
				55C53C212531C3EC00BAA6E7 /* ScanViewController.swift in Sources */,
				55AF3C502531B3DA00AF9F3D /* AppCoordinatorFactory.swift in Sources */,
				55C53C572531D1BD00BAA6E7 /* CreditResultViewController.swift in Sources */,
				55C53C5C2531DB9100BAA6E7 /* VideoCapture.swift in Sources */,
				55AF3C572531B47700AF9F3D /* CoordinatorFactory.swift in Sources */,
				55C53C362531CC1D00BAA6E7 /* CreditCoordinator.swift in Sources */,
				55AF3C492531B24500AF9F3D /* Closure.swift in Sources */,
				92EAA9AD59E02F0F4BDC566F /* ViewController.swift in Sources */,
				55AF3C452531B1A000AF9F3D /* Presentable.swift in Sources */,
				55C53C5E2531E30B00BAA6E7 /* + VNRecognizedObjectObservation.swift in Sources */,
				55AF3C512531B3DA00AF9F3D /* AppModuleFactory.swift in Sources */,
				55AF3C692531BCC200AF9F3D /* StarterCoordinatorFactory.swift in Sources */,
			);
			runOnlyForDeploymentPostprocessing = 0;
		};
/* End PBXSourcesBuildPhase section */

/* Begin PBXVariantGroup section */
		897D59029163E6B8925C7B4F /* LaunchScreen.storyboard */ = {
			isa = PBXVariantGroup;
			children = (
				C583FA14094266DD7994FFC6 /* Base */,
			);
			name = LaunchScreen.storyboard;
			sourceTree = "<group>";
		};
/* End PBXVariantGroup section */

/* Begin XCBuildConfiguration section */
		22FD9880C2F561EC333EA986 /* Release */ = {
			isa = XCBuildConfiguration;
			buildSettings = {
				ALWAYS_SEARCH_USER_PATHS = NO;
				CLANG_ANALYZER_NONNULL = YES;
				CLANG_ANALYZER_NUMBER_OBJECT_CONVERSION = YES_AGGRESSIVE;
				CLANG_CXX_LANGUAGE_STANDARD = "gnu++14";
				CLANG_CXX_LIBRARY = "libc++";
				CLANG_ENABLE_MODULES = YES;
				CLANG_ENABLE_OBJC_ARC = YES;
				CLANG_ENABLE_OBJC_WEAK = YES;
				CLANG_WARN_BLOCK_CAPTURE_AUTORELEASING = YES;
				CLANG_WARN_BOOL_CONVERSION = YES;
				CLANG_WARN_COMMA = YES;
				CLANG_WARN_CONSTANT_CONVERSION = YES;
				CLANG_WARN_DEPRECATED_OBJC_IMPLEMENTATIONS = YES;
				CLANG_WARN_DIRECT_OBJC_ISA_USAGE = YES_ERROR;
				CLANG_WARN_DOCUMENTATION_COMMENTS = YES;
				CLANG_WARN_EMPTY_BODY = YES;
				CLANG_WARN_ENUM_CONVERSION = YES;
				CLANG_WARN_INFINITE_RECURSION = YES;
				CLANG_WARN_INT_CONVERSION = YES;
				CLANG_WARN_NON_LITERAL_NULL_CONVERSION = YES;
				CLANG_WARN_OBJC_IMPLICIT_RETAIN_SELF = YES;
				CLANG_WARN_OBJC_LITERAL_CONVERSION = YES;
				CLANG_WARN_OBJC_ROOT_CLASS = YES_ERROR;
				CLANG_WARN_QUOTED_INCLUDE_IN_FRAMEWORK_HEADER = YES;
				CLANG_WARN_RANGE_LOOP_ANALYSIS = YES;
				CLANG_WARN_STRICT_PROTOTYPES = YES;
				CLANG_WARN_SUSPICIOUS_MOVE = YES;
				CLANG_WARN_UNGUARDED_AVAILABILITY = YES_AGGRESSIVE;
				CLANG_WARN_UNREACHABLE_CODE = YES;
				CLANG_WARN__DUPLICATE_METHOD_MATCH = YES;
				COPY_PHASE_STRIP = NO;
				DEBUG_INFORMATION_FORMAT = "dwarf-with-dsym";
				ENABLE_NS_ASSERTIONS = NO;
				ENABLE_STRICT_OBJC_MSGSEND = YES;
				GCC_C_LANGUAGE_STANDARD = gnu11;
				GCC_NO_COMMON_BLOCKS = YES;
				GCC_WARN_64_TO_32_BIT_CONVERSION = YES;
				GCC_WARN_ABOUT_RETURN_TYPE = YES_ERROR;
				GCC_WARN_UNDECLARED_SELECTOR = YES;
				GCC_WARN_UNINITIALIZED_AUTOS = YES_AGGRESSIVE;
				GCC_WARN_UNUSED_FUNCTION = YES;
				GCC_WARN_UNUSED_VARIABLE = YES;
				IPHONEOS_DEPLOYMENT_TARGET = 14.0;
				MTL_ENABLE_DEBUG_INFO = NO;
				MTL_FAST_MATH = YES;
				PRODUCT_NAME = "$(TARGET_NAME)";
				SDKROOT = iphoneos;
				SWIFT_COMPILATION_MODE = wholemodule;
				SWIFT_OPTIMIZATION_LEVEL = "-O";
				SWIFT_VERSION = 5.0;
			};
			name = Release;
		};
		57A0FFFEF0B264EE0C61BA24 /* Release */ = {
			isa = XCBuildConfiguration;
			buildSettings = {
				ASSETCATALOG_COMPILER_APPICON_NAME = AppIcon;
				CODE_SIGN_IDENTITY = "iPhone Developer";
				DEVELOPMENT_TEAM = A7HQ3AATVX;
				INFOPLIST_FILE = VTB/SupportingFiles/Info.plist;
				LD_RUNPATH_SEARCH_PATHS = (
					"$(inherited)",
					"@executable_path/Frameworks",
				);
				PRODUCT_BUNDLE_IDENTIFIER = "com.IBI-Solutions.VTB";
				SDKROOT = iphoneos;
				TARGETED_DEVICE_FAMILY = "1,2";
			};
			name = Release;
		};
		9576BE2BFB7129C6B221A596 /* Debug */ = {
			isa = XCBuildConfiguration;
			buildSettings = {
				ASSETCATALOG_COMPILER_APPICON_NAME = AppIcon;
				CODE_SIGN_IDENTITY = "iPhone Developer";
				DEVELOPMENT_TEAM = A7HQ3AATVX;
				INFOPLIST_FILE = VTB/SupportingFiles/Info.plist;
				LD_RUNPATH_SEARCH_PATHS = (
					"$(inherited)",
					"@executable_path/Frameworks",
				);
				PRODUCT_BUNDLE_IDENTIFIER = "com.IBI-Solutions.VTB";
				SDKROOT = iphoneos;
				TARGETED_DEVICE_FAMILY = "1,2";
			};
			name = Debug;
		};
		B60798CE2661FC8527B01162 /* Debug */ = {
			isa = XCBuildConfiguration;
			buildSettings = {
				ALWAYS_SEARCH_USER_PATHS = NO;
				CLANG_ANALYZER_NONNULL = YES;
				CLANG_ANALYZER_NUMBER_OBJECT_CONVERSION = YES_AGGRESSIVE;
				CLANG_CXX_LANGUAGE_STANDARD = "gnu++14";
				CLANG_CXX_LIBRARY = "libc++";
				CLANG_ENABLE_MODULES = YES;
				CLANG_ENABLE_OBJC_ARC = YES;
				CLANG_ENABLE_OBJC_WEAK = YES;
				CLANG_WARN_BLOCK_CAPTURE_AUTORELEASING = YES;
				CLANG_WARN_BOOL_CONVERSION = YES;
				CLANG_WARN_COMMA = YES;
				CLANG_WARN_CONSTANT_CONVERSION = YES;
				CLANG_WARN_DEPRECATED_OBJC_IMPLEMENTATIONS = YES;
				CLANG_WARN_DIRECT_OBJC_ISA_USAGE = YES_ERROR;
				CLANG_WARN_DOCUMENTATION_COMMENTS = YES;
				CLANG_WARN_EMPTY_BODY = YES;
				CLANG_WARN_ENUM_CONVERSION = YES;
				CLANG_WARN_INFINITE_RECURSION = YES;
				CLANG_WARN_INT_CONVERSION = YES;
				CLANG_WARN_NON_LITERAL_NULL_CONVERSION = YES;
				CLANG_WARN_OBJC_IMPLICIT_RETAIN_SELF = YES;
				CLANG_WARN_OBJC_LITERAL_CONVERSION = YES;
				CLANG_WARN_OBJC_ROOT_CLASS = YES_ERROR;
				CLANG_WARN_QUOTED_INCLUDE_IN_FRAMEWORK_HEADER = YES;
				CLANG_WARN_RANGE_LOOP_ANALYSIS = YES;
				CLANG_WARN_STRICT_PROTOTYPES = YES;
				CLANG_WARN_SUSPICIOUS_MOVE = YES;
				CLANG_WARN_UNGUARDED_AVAILABILITY = YES_AGGRESSIVE;
				CLANG_WARN_UNREACHABLE_CODE = YES;
				CLANG_WARN__DUPLICATE_METHOD_MATCH = YES;
				COPY_PHASE_STRIP = NO;
				DEBUG_INFORMATION_FORMAT = dwarf;
				ENABLE_STRICT_OBJC_MSGSEND = YES;
				ENABLE_TESTABILITY = YES;
				GCC_C_LANGUAGE_STANDARD = gnu11;
				GCC_DYNAMIC_NO_PIC = NO;
				GCC_NO_COMMON_BLOCKS = YES;
				GCC_OPTIMIZATION_LEVEL = 0;
				GCC_PREPROCESSOR_DEFINITIONS = (
					"$(inherited)",
					"DEBUG=1",
				);
				GCC_WARN_64_TO_32_BIT_CONVERSION = YES;
				GCC_WARN_ABOUT_RETURN_TYPE = YES_ERROR;
				GCC_WARN_UNDECLARED_SELECTOR = YES;
				GCC_WARN_UNINITIALIZED_AUTOS = YES_AGGRESSIVE;
				GCC_WARN_UNUSED_FUNCTION = YES;
				GCC_WARN_UNUSED_VARIABLE = YES;
				IPHONEOS_DEPLOYMENT_TARGET = 14.0;
				MTL_ENABLE_DEBUG_INFO = INCLUDE_SOURCE;
				MTL_FAST_MATH = YES;
				ONLY_ACTIVE_ARCH = YES;
				PRODUCT_NAME = "$(TARGET_NAME)";
				SDKROOT = iphoneos;
				SWIFT_ACTIVE_COMPILATION_CONDITIONS = DEBUG;
				SWIFT_OPTIMIZATION_LEVEL = "-Onone";
				SWIFT_VERSION = 5.0;
			};
			name = Debug;
		};
/* End XCBuildConfiguration section */

/* Begin XCConfigurationList section */
		954EFE515E3BE155C4CF9C71 /* Build configuration list for PBXProject "VTB" */ = {
			isa = XCConfigurationList;
			buildConfigurations = (
				B60798CE2661FC8527B01162 /* Debug */,
				22FD9880C2F561EC333EA986 /* Release */,
			);
			defaultConfigurationIsVisible = 0;
			defaultConfigurationName = Debug;
		};
		B0270E9C225AD442FBD467D1 /* Build configuration list for PBXNativeTarget "VTB" */ = {
			isa = XCConfigurationList;
			buildConfigurations = (
				9576BE2BFB7129C6B221A596 /* Debug */,
				57A0FFFEF0B264EE0C61BA24 /* Release */,
			);
			defaultConfigurationIsVisible = 0;
			defaultConfigurationName = Debug;
		};
/* End XCConfigurationList section */
	};
	rootObject = 7AD6A0E569E0F8A462B3122F /* Project object */;
}
