// !$*UTF8*$!
{
	archiveVersion = 1;
	classes = {
	};
	objectVersion = 51;
	objects = {

/* Begin PBXBuildFile section */
		09CF3A01B7112E65B29801B4 /* VideoCapture.swift in Sources */ = {isa = PBXBuildFile; fileRef = 573BCEA0301F2B4F3B21EC14 /* VideoCapture.swift */; };
		18D1A1D7AB020D8DFB177885 /* AppCoordinator.swift in Sources */ = {isa = PBXBuildFile; fileRef = 4590134A051842EE452F1E3B /* AppCoordinator.swift */; };
		1CC7FB6F28BB541594C96A05 /* CreditResultViewController.swift in Sources */ = {isa = PBXBuildFile; fileRef = 0F8BC5CCBBFC43029629CF3F /* CreditResultViewController.swift */; };
		1E8A69E4191D59D989410FBC /* YOLOv3Tiny.mlmodel in Sources */ = {isa = PBXBuildFile; fileRef = 1D624EA89774A37022D98797 /* YOLOv3Tiny.mlmodel */; };
		2A133D8ADBE34D656EF87381 /* Closure.swift in Sources */ = {isa = PBXBuildFile; fileRef = 5BFF6AC77404C03634A79945 /* Closure.swift */; };
		2C30D4F7D8049EC4D32C2A79 /* CreditCoordinatorFactory.swift in Sources */ = {isa = PBXBuildFile; fileRef = 7E6F2DE324F9B2CD01EF7A60 /* CreditCoordinatorFactory.swift */; };
		30A6913365BEB749CEBA3549 /* Assets.xcassets in Resources */ = {isa = PBXBuildFile; fileRef = 3F1ED4B62E53102EEBE5F975 /* Assets.xcassets */; };
		455432EFD97F8E77AC350EBB /* CreditResultPresenter.swift in Sources */ = {isa = PBXBuildFile; fileRef = BA081AEFA443E745D029BDED /* CreditResultPresenter.swift */; };
		474FB84F7C048318644BFCA7 /* AppModuleFactory.swift in Sources */ = {isa = PBXBuildFile; fileRef = 94F94AC704D48CB632ADD99B /* AppModuleFactory.swift */; };
		4830536CC7ECB9D281049879 /* + VNRecognizedObjectObservation.swift in Sources */ = {isa = PBXBuildFile; fileRef = 0BABFD2661877416E33657CB /* + VNRecognizedObjectObservation.swift */; };
		54DBE5B525279807CD9EDD2C /* Coordinator.swift in Sources */ = {isa = PBXBuildFile; fileRef = 53B8C883ECF4CBE0E5C5F69C /* Coordinator.swift */; };
		5509C93A25321A6C002A3833 /* Service.framework in Frameworks */ = {isa = PBXBuildFile; fileRef = 5509C93925321A6C002A3833 /* Service.framework */; };
		5509C93B25321A6D002A3833 /* Service.framework in Embed Frameworks */ = {isa = PBXBuildFile; fileRef = 5509C93925321A6C002A3833 /* Service.framework */; settings = {ATTRIBUTES = (CodeSignOnCopy, RemoveHeadersOnCopy, ); }; };
		551C4BCFEBCC82C9D8A172E1 /* CreditCoordinator.swift in Sources */ = {isa = PBXBuildFile; fileRef = 2EE2EA802F18E29AEBF40C2B /* CreditCoordinator.swift */; };
		5523A53F25329D2C00225F29 /* CreditOfferPresenter.swift in Sources */ = {isa = PBXBuildFile; fileRef = 5523A53D25329D2C00225F29 /* CreditOfferPresenter.swift */; };
		5523A54025329D2C00225F29 /* CreditOfferViewController.swift in Sources */ = {isa = PBXBuildFile; fileRef = 5523A53E25329D2C00225F29 /* CreditOfferViewController.swift */; };
		55A19B95253250330033D53E /* AppData.swift in Sources */ = {isa = PBXBuildFile; fileRef = 55A19B94253250330033D53E /* AppData.swift */; };
		55C53C6E2531F09F00BAA6E7 /* VTBUI.framework in Frameworks */ = {isa = PBXBuildFile; fileRef = 55C53C6D2531F09F00BAA6E7 /* VTBUI.framework */; };
		55C53C6F2531F09F00BAA6E7 /* VTBUI.framework in Embed Frameworks */ = {isa = PBXBuildFile; fileRef = 55C53C6D2531F09F00BAA6E7 /* VTBUI.framework */; settings = {ATTRIBUTES = (CodeSignOnCopy, RemoveHeadersOnCopy, ); }; };
		55C53C732531F0AF00BAA6E7 /* Resources.framework in Frameworks */ = {isa = PBXBuildFile; fileRef = 55C53C722531F0AE00BAA6E7 /* Resources.framework */; };
		55C53C742531F0AF00BAA6E7 /* Resources.framework in Embed Frameworks */ = {isa = PBXBuildFile; fileRef = 55C53C722531F0AE00BAA6E7 /* Resources.framework */; settings = {ATTRIBUTES = (CodeSignOnCopy, RemoveHeadersOnCopy, ); }; };
		5AF8862A7B4022E43A1C9339 /* LaunchScreen.storyboard in Resources */ = {isa = PBXBuildFile; fileRef = 897D59029163E6B8925C7B4F /* LaunchScreen.storyboard */; };
		5FCA45B39974118A4352CDCA /* ScanViewController.swift in Sources */ = {isa = PBXBuildFile; fileRef = AE16B16346E4DB44D30AF608 /* ScanViewController.swift */; };
		62E5653B529CB4B6DD5572C3 /* StarterCoordinatorFactory.swift in Sources */ = {isa = PBXBuildFile; fileRef = 720A95A087C05355DBCE6D11 /* StarterCoordinatorFactory.swift */; };
		63C34BF1E90793A8E8D4BA9F /* CoordinatorFactory.swift in Sources */ = {isa = PBXBuildFile; fileRef = 3FAC61BBAFBBD9B6C460962A /* CoordinatorFactory.swift */; };
		74C75CC58C332688283D9E48 /* ChooseFlowPresenter.swift in Sources */ = {isa = PBXBuildFile; fileRef = 69198666963C34126C8E015C /* ChooseFlowPresenter.swift */; };
		8974B9D9C3F95484EE1FB0B0 /* Router.swift in Sources */ = {isa = PBXBuildFile; fileRef = 756A9E2DDF544C5734E17503 /* Router.swift */; };
		8BAB2123C02EC81C51A7FB18 /* Carloan.swift in Sources */ = {isa = PBXBuildFile; fileRef = 743F214BA8FA55263E8D5736 /* Carloan.swift */; };
		92EAA9AD59E02F0F4BDC566F /* ViewController.swift in Sources */ = {isa = PBXBuildFile; fileRef = DD6C1EB869087AE74C13CE84 /* ViewController.swift */; };
		9E9D3ABD38DFC9C8815C5949 /* AppCoordinatorFactory.swift in Sources */ = {isa = PBXBuildFile; fileRef = 4D220547AE0D4451E68BE7D1 /* AppCoordinatorFactory.swift */; };
		A2C76DA8030EC50094372041 /* CreditCalculatorViewController.swift in Sources */ = {isa = PBXBuildFile; fileRef = 3DAB294045DBF02E113C4998 /* CreditCalculatorViewController.swift */; };
		A357BEE0071B66D62B4CB010 /* ChooseFlowViewController.swift in Sources */ = {isa = PBXBuildFile; fileRef = C9A17308F866A9A83B6B1196 /* ChooseFlowViewController.swift */; };
		A45B043697281BBBD7750FA9 /* Calculate.swift in Sources */ = {isa = PBXBuildFile; fileRef = 88D180DA25D9FD499979B34E /* Calculate.swift */; };
		B3C42E5CAF25E7EE6EC5EB4D /* StarterModuleFactory.swift in Sources */ = {isa = PBXBuildFile; fileRef = 9A51E000B5891AEE104175A6 /* StarterModuleFactory.swift */; };
		B71FD4FC406714867172CDFE /* CreditCalculatorPresenter.swift in Sources */ = {isa = PBXBuildFile; fileRef = 9853798088B7AD84FAAF429B /* CreditCalculatorPresenter.swift */; };
		BF96496B44A139E54F72015F /* Presentable.swift in Sources */ = {isa = PBXBuildFile; fileRef = 0909C3DA567B1AA471A56980 /* Presentable.swift */; };
		CA9B67F210B67DBF2BE9429E /* StarterCoordinator.swift in Sources */ = {isa = PBXBuildFile; fileRef = 00709D540BB4FF95C3937F02 /* StarterCoordinator.swift */; };
		CC0128DFF413603FFC74D108 /* CreditModuleFactory.swift in Sources */ = {isa = PBXBuildFile; fileRef = 008E4AA7F5400C5749477792 /* CreditModuleFactory.swift */; };
		D9ADD6674F762590D4BE9715 /* BaseCoordinator.swift in Sources */ = {isa = PBXBuildFile; fileRef = C3F873CE643E5900E8BC64A2 /* BaseCoordinator.swift */; };
		EC8F5D87A743DD7A07419811 /* ModuleFactory.swift in Sources */ = {isa = PBXBuildFile; fileRef = DC14ED7D4B3C059471DC5A09 /* ModuleFactory.swift */; };
		F445AD832D72AE1D61DF6AC3 /* RouterImp.swift in Sources */ = {isa = PBXBuildFile; fileRef = 9FFAD3A76DB424BB9168AB61 /* RouterImp.swift */; };
		FCEA5DB9E180A76AABC9369F /* AppDelegate.swift in Sources */ = {isa = PBXBuildFile; fileRef = BB075C1327A156E59A2E6507 /* AppDelegate.swift */; };
		FDA79D39AA632BC0FBBB54A7 /* ScanPresenter.swift in Sources */ = {isa = PBXBuildFile; fileRef = 3A15880CB8458F14725F5739 /* ScanPresenter.swift */; };
/* End PBXBuildFile section */

/* Begin PBXCopyFilesBuildPhase section */
		55C53C712531F09F00BAA6E7 /* Embed Frameworks */ = {
			isa = PBXCopyFilesBuildPhase;
			buildActionMask = 2147483647;
			dstPath = "";
			dstSubfolderSpec = 10;
			files = (
				5509C93B25321A6D002A3833 /* Service.framework in Embed Frameworks */,
				55C53C742531F0AF00BAA6E7 /* Resources.framework in Embed Frameworks */,
				55C53C6F2531F09F00BAA6E7 /* VTBUI.framework in Embed Frameworks */,
			);
			name = "Embed Frameworks";
			runOnlyForDeploymentPostprocessing = 0;
		};
/* End PBXCopyFilesBuildPhase section */

/* Begin PBXFileReference section */
		00709D540BB4FF95C3937F02 /* StarterCoordinator.swift */ = {isa = PBXFileReference; lastKnownFileType = sourcecode.swift; path = StarterCoordinator.swift; sourceTree = "<group>"; };
		008E4AA7F5400C5749477792 /* CreditModuleFactory.swift */ = {isa = PBXFileReference; lastKnownFileType = sourcecode.swift; path = CreditModuleFactory.swift; sourceTree = "<group>"; };
		0909C3DA567B1AA471A56980 /* Presentable.swift */ = {isa = PBXFileReference; lastKnownFileType = sourcecode.swift; path = Presentable.swift; sourceTree = "<group>"; };
		0BABFD2661877416E33657CB /* + VNRecognizedObjectObservation.swift */ = {isa = PBXFileReference; lastKnownFileType = sourcecode.swift; path = "+ VNRecognizedObjectObservation.swift"; sourceTree = "<group>"; };
		0F8BC5CCBBFC43029629CF3F /* CreditResultViewController.swift */ = {isa = PBXFileReference; lastKnownFileType = sourcecode.swift; path = CreditResultViewController.swift; sourceTree = "<group>"; };
		1D624EA89774A37022D98797 /* YOLOv3Tiny.mlmodel */ = {isa = PBXFileReference; lastKnownFileType = file.mlmodel; path = YOLOv3Tiny.mlmodel; sourceTree = "<group>"; };
		2EE2EA802F18E29AEBF40C2B /* CreditCoordinator.swift */ = {isa = PBXFileReference; lastKnownFileType = sourcecode.swift; path = CreditCoordinator.swift; sourceTree = "<group>"; };
		3A15880CB8458F14725F5739 /* ScanPresenter.swift */ = {isa = PBXFileReference; lastKnownFileType = sourcecode.swift; path = ScanPresenter.swift; sourceTree = "<group>"; };
		3DAB294045DBF02E113C4998 /* CreditCalculatorViewController.swift */ = {isa = PBXFileReference; lastKnownFileType = sourcecode.swift; path = CreditCalculatorViewController.swift; sourceTree = "<group>"; };
		3F1952C71185AB0314F9B163 /* Info.plist */ = {isa = PBXFileReference; lastKnownFileType = text.plist; path = Info.plist; sourceTree = "<group>"; };
		3F1ED4B62E53102EEBE5F975 /* Assets.xcassets */ = {isa = PBXFileReference; lastKnownFileType = folder.assetcatalog; path = Assets.xcassets; sourceTree = "<group>"; };
		3FAC61BBAFBBD9B6C460962A /* CoordinatorFactory.swift */ = {isa = PBXFileReference; lastKnownFileType = sourcecode.swift; path = CoordinatorFactory.swift; sourceTree = "<group>"; };
		4590134A051842EE452F1E3B /* AppCoordinator.swift */ = {isa = PBXFileReference; lastKnownFileType = sourcecode.swift; path = AppCoordinator.swift; sourceTree = "<group>"; };
		4D220547AE0D4451E68BE7D1 /* AppCoordinatorFactory.swift */ = {isa = PBXFileReference; lastKnownFileType = sourcecode.swift; path = AppCoordinatorFactory.swift; sourceTree = "<group>"; };
		53B8C883ECF4CBE0E5C5F69C /* Coordinator.swift */ = {isa = PBXFileReference; lastKnownFileType = sourcecode.swift; path = Coordinator.swift; sourceTree = "<group>"; };
		5509C93925321A6C002A3833 /* Service.framework */ = {isa = PBXFileReference; explicitFileType = wrapper.framework; path = Service.framework; sourceTree = BUILT_PRODUCTS_DIR; };
		5523A53D25329D2C00225F29 /* CreditOfferPresenter.swift */ = {isa = PBXFileReference; lastKnownFileType = sourcecode.swift; path = CreditOfferPresenter.swift; sourceTree = "<group>"; };
		5523A53E25329D2C00225F29 /* CreditOfferViewController.swift */ = {isa = PBXFileReference; lastKnownFileType = sourcecode.swift; path = CreditOfferViewController.swift; sourceTree = "<group>"; };
		55A19B94253250330033D53E /* AppData.swift */ = {isa = PBXFileReference; lastKnownFileType = sourcecode.swift; path = AppData.swift; sourceTree = "<group>"; };
		55C53C6D2531F09F00BAA6E7 /* VTBUI.framework */ = {isa = PBXFileReference; explicitFileType = wrapper.framework; path = VTBUI.framework; sourceTree = BUILT_PRODUCTS_DIR; };
		55C53C722531F0AE00BAA6E7 /* Resources.framework */ = {isa = PBXFileReference; explicitFileType = wrapper.framework; path = Resources.framework; sourceTree = BUILT_PRODUCTS_DIR; };
		573BCEA0301F2B4F3B21EC14 /* VideoCapture.swift */ = {isa = PBXFileReference; lastKnownFileType = sourcecode.swift; path = VideoCapture.swift; sourceTree = "<group>"; };
		5BFF6AC77404C03634A79945 /* Closure.swift */ = {isa = PBXFileReference; lastKnownFileType = sourcecode.swift; path = Closure.swift; sourceTree = "<group>"; };
		69198666963C34126C8E015C /* ChooseFlowPresenter.swift */ = {isa = PBXFileReference; lastKnownFileType = sourcecode.swift; path = ChooseFlowPresenter.swift; sourceTree = "<group>"; };
		720A95A087C05355DBCE6D11 /* StarterCoordinatorFactory.swift */ = {isa = PBXFileReference; lastKnownFileType = sourcecode.swift; path = StarterCoordinatorFactory.swift; sourceTree = "<group>"; };
		743F214BA8FA55263E8D5736 /* Carloan.swift */ = {isa = PBXFileReference; lastKnownFileType = sourcecode.swift; path = Carloan.swift; sourceTree = "<group>"; };
		756A9E2DDF544C5734E17503 /* Router.swift */ = {isa = PBXFileReference; lastKnownFileType = sourcecode.swift; path = Router.swift; sourceTree = "<group>"; };
		7E6F2DE324F9B2CD01EF7A60 /* CreditCoordinatorFactory.swift */ = {isa = PBXFileReference; lastKnownFileType = sourcecode.swift; path = CreditCoordinatorFactory.swift; sourceTree = "<group>"; };
		88D180DA25D9FD499979B34E /* Calculate.swift */ = {isa = PBXFileReference; lastKnownFileType = sourcecode.swift; path = Calculate.swift; sourceTree = "<group>"; };
		90A7EC6362B68882BC38C2F1 /* VTB.app */ = {isa = PBXFileReference; explicitFileType = wrapper.application; includeInIndex = 0; path = VTB.app; sourceTree = BUILT_PRODUCTS_DIR; };
		94F94AC704D48CB632ADD99B /* AppModuleFactory.swift */ = {isa = PBXFileReference; lastKnownFileType = sourcecode.swift; path = AppModuleFactory.swift; sourceTree = "<group>"; };
		9853798088B7AD84FAAF429B /* CreditCalculatorPresenter.swift */ = {isa = PBXFileReference; lastKnownFileType = sourcecode.swift; path = CreditCalculatorPresenter.swift; sourceTree = "<group>"; };
		9A51E000B5891AEE104175A6 /* StarterModuleFactory.swift */ = {isa = PBXFileReference; lastKnownFileType = sourcecode.swift; path = StarterModuleFactory.swift; sourceTree = "<group>"; };
		9FFAD3A76DB424BB9168AB61 /* RouterImp.swift */ = {isa = PBXFileReference; lastKnownFileType = sourcecode.swift; path = RouterImp.swift; sourceTree = "<group>"; };
		AE16B16346E4DB44D30AF608 /* ScanViewController.swift */ = {isa = PBXFileReference; lastKnownFileType = sourcecode.swift; path = ScanViewController.swift; sourceTree = "<group>"; };
		BA081AEFA443E745D029BDED /* CreditResultPresenter.swift */ = {isa = PBXFileReference; lastKnownFileType = sourcecode.swift; path = CreditResultPresenter.swift; sourceTree = "<group>"; };
		BB075C1327A156E59A2E6507 /* AppDelegate.swift */ = {isa = PBXFileReference; lastKnownFileType = sourcecode.swift; path = AppDelegate.swift; sourceTree = "<group>"; };
		C3F873CE643E5900E8BC64A2 /* BaseCoordinator.swift */ = {isa = PBXFileReference; lastKnownFileType = sourcecode.swift; path = BaseCoordinator.swift; sourceTree = "<group>"; };
		C583FA14094266DD7994FFC6 /* Base */ = {isa = PBXFileReference; lastKnownFileType = file.storyboard; name = Base; path = Base.lproj/LaunchScreen.storyboard; sourceTree = "<group>"; };
		C9A17308F866A9A83B6B1196 /* ChooseFlowViewController.swift */ = {isa = PBXFileReference; lastKnownFileType = sourcecode.swift; path = ChooseFlowViewController.swift; sourceTree = "<group>"; };
		DC14ED7D4B3C059471DC5A09 /* ModuleFactory.swift */ = {isa = PBXFileReference; lastKnownFileType = sourcecode.swift; path = ModuleFactory.swift; sourceTree = "<group>"; };
		DD6C1EB869087AE74C13CE84 /* ViewController.swift */ = {isa = PBXFileReference; lastKnownFileType = sourcecode.swift; path = ViewController.swift; sourceTree = "<group>"; };
/* End PBXFileReference section */

/* Begin PBXFrameworksBuildPhase section */
		55C53C702531F09F00BAA6E7 /* Frameworks */ = {
			isa = PBXFrameworksBuildPhase;
			buildActionMask = 2147483647;
			files = (
				5509C93A25321A6C002A3833 /* Service.framework in Frameworks */,
				55C53C732531F0AF00BAA6E7 /* Resources.framework in Frameworks */,
				55C53C6E2531F09F00BAA6E7 /* VTBUI.framework in Frameworks */,
			);
			runOnlyForDeploymentPostprocessing = 0;
		};
/* End PBXFrameworksBuildPhase section */

/* Begin PBXGroup section */
		0A414F908EBEA15B376F7020 /* CreditCalculator */ = {
			isa = PBXGroup;
			children = (
				9853798088B7AD84FAAF429B /* CreditCalculatorPresenter.swift */,
				3DAB294045DBF02E113C4998 /* CreditCalculatorViewController.swift */,
			);
			path = CreditCalculator;
			sourceTree = "<group>";
		};
		177798D07DCDE605851CEDA4 /* Credit */ = {
			isa = PBXGroup;
			children = (
				5523A53C25329D1900225F29 /* CreditOffer */,
				0A414F908EBEA15B376F7020 /* CreditCalculator */,
				A2FFC19B32FC7BE0E4F7EE5C /* CreditResult */,
				2EE2EA802F18E29AEBF40C2B /* CreditCoordinator.swift */,
				7E6F2DE324F9B2CD01EF7A60 /* CreditCoordinatorFactory.swift */,
				008E4AA7F5400C5749477792 /* CreditModuleFactory.swift */,
			);
			path = Credit;
			sourceTree = "<group>";
		};
		195F1525F4E9DC162A68E5E2 /* Routing */ = {
			isa = PBXGroup;
			children = (
				0909C3DA567B1AA471A56980 /* Presentable.swift */,
				756A9E2DDF544C5734E17503 /* Router.swift */,
				9FFAD3A76DB424BB9168AB61 /* RouterImp.swift */,
			);
			path = Routing;
			sourceTree = "<group>";
		};
		1BD241E7B34E8C2B6D803D61 /* Capture */ = {
			isa = PBXGroup;
			children = (
				573BCEA0301F2B4F3B21EC14 /* VideoCapture.swift */,
			);
			path = Capture;
			sourceTree = "<group>";
		};
		22A9D9D6A479E3F2C1D674CE /* Resources */ = {
			isa = PBXGroup;
			children = (
				3F1ED4B62E53102EEBE5F975 /* Assets.xcassets */,
				897D59029163E6B8925C7B4F /* LaunchScreen.storyboard */,
				1D624EA89774A37022D98797 /* YOLOv3Tiny.mlmodel */,
			);
			path = Resources;
			sourceTree = "<group>";
		};
		2E977284F066282F09371FA7 /* Scan */ = {
			isa = PBXGroup;
			children = (
				1BD241E7B34E8C2B6D803D61 /* Capture */,
				3A15880CB8458F14725F5739 /* ScanPresenter.swift */,
				AE16B16346E4DB44D30AF608 /* ScanViewController.swift */,
			);
			path = Scan;
			sourceTree = "<group>";
		};
		357B1CF507FF42D1384B793A /* Flow */ = {
			isa = PBXGroup;
			children = (
				177798D07DCDE605851CEDA4 /* Credit */,
				A5A9DB1B98606A7D0A1587D4 /* Starter */,
			);
			path = Flow;
			sourceTree = "<group>";
		};
		3F6F1FA2002B2E81600E0DA8 /* Code */ = {
			isa = PBXGroup;
			children = (
				C8E331D5097B74F4CC5A5FF0 /* AppDelegate */,
				D79396FB1359F5C4B8152291 /* Core */,
				357B1CF507FF42D1384B793A /* Flow */,
				E05761026FADD9DACFFF0538 /* Helpers */,
				88D180DA25D9FD499979B34E /* Calculate.swift */,
				743F214BA8FA55263E8D5736 /* Carloan.swift */,
				DD6C1EB869087AE74C13CE84 /* ViewController.swift */,
			);
			path = Code;
			sourceTree = "<group>";
		};
		419C3F0B9B9020E6C4C0322A /* VTB */ = {
			isa = PBXGroup;
			children = (
				3F6F1FA2002B2E81600E0DA8 /* Code */,
				22A9D9D6A479E3F2C1D674CE /* Resources */,
				646F1C2EF49B0D73981043C8 /* SupportingFiles */,
			);
			path = VTB;
			sourceTree = "<group>";
		};
		4CD0D9D21123919C8ADC923B = {
			isa = PBXGroup;
			children = (
				419C3F0B9B9020E6C4C0322A /* VTB */,
				7E7F8088CD002370F4E4324A /* Products */,
				55C53C6C2531F09F00BAA6E7 /* Frameworks */,
			);
			sourceTree = "<group>";
		};
		5523A53C25329D1900225F29 /* CreditOffer */ = {
			isa = PBXGroup;
			children = (
				5523A53D25329D2C00225F29 /* CreditOfferPresenter.swift */,
				5523A53E25329D2C00225F29 /* CreditOfferViewController.swift */,
			);
			path = CreditOffer;
			sourceTree = "<group>";
		};
		55A19B93253250260033D53E /* Root */ = {
			isa = PBXGroup;
			children = (
				55A19B94253250330033D53E /* AppData.swift */,
			);
			path = Root;
			sourceTree = "<group>";
		};
		55C53C6C2531F09F00BAA6E7 /* Frameworks */ = {
			isa = PBXGroup;
			children = (
				55C53C6D2531F09F00BAA6E7 /* VTBUI.framework */,
				55C53C722531F0AE00BAA6E7 /* Resources.framework */,
				5509C93925321A6C002A3833 /* Service.framework */,
			);
			name = Frameworks;
			sourceTree = "<group>";
		};
		646F1C2EF49B0D73981043C8 /* SupportingFiles */ = {
			isa = PBXGroup;
			children = (
				3F1952C71185AB0314F9B163 /* Info.plist */,
			);
			path = SupportingFiles;
			sourceTree = "<group>";
		};
		7E7F8088CD002370F4E4324A /* Products */ = {
			isa = PBXGroup;
			children = (
				90A7EC6362B68882BC38C2F1 /* VTB.app */,
			);
			name = Products;
			sourceTree = "<group>";
		};
		8FA5813C0C88046F7C610CB0 /* ChooseFlow */ = {
			isa = PBXGroup;
			children = (
				69198666963C34126C8E015C /* ChooseFlowPresenter.swift */,
				C9A17308F866A9A83B6B1196 /* ChooseFlowViewController.swift */,
			);
			path = ChooseFlow;
			sourceTree = "<group>";
		};
		932ED70D90A50E9D7E4789AE /* Modules */ = {
			isa = PBXGroup;
			children = (
				8FA5813C0C88046F7C610CB0 /* ChooseFlow */,
				2E977284F066282F09371FA7 /* Scan */,
			);
			path = Modules;
			sourceTree = "<group>";
		};
		A2FFC19B32FC7BE0E4F7EE5C /* CreditResult */ = {
			isa = PBXGroup;
			children = (
				BA081AEFA443E745D029BDED /* CreditResultPresenter.swift */,
				0F8BC5CCBBFC43029629CF3F /* CreditResultViewController.swift */,
			);
			path = CreditResult;
			sourceTree = "<group>";
		};
		A459C43DC562C60FB536C163 /* Extensions */ = {
			isa = PBXGroup;
			children = (
				0BABFD2661877416E33657CB /* + VNRecognizedObjectObservation.swift */,
			);
			path = Extensions;
			sourceTree = "<group>";
		};
		A5A9DB1B98606A7D0A1587D4 /* Starter */ = {
			isa = PBXGroup;
			children = (
				932ED70D90A50E9D7E4789AE /* Modules */,
				00709D540BB4FF95C3937F02 /* StarterCoordinator.swift */,
				720A95A087C05355DBCE6D11 /* StarterCoordinatorFactory.swift */,
				9A51E000B5891AEE104175A6 /* StarterModuleFactory.swift */,
			);
			path = Starter;
			sourceTree = "<group>";
		};
		C8E331D5097B74F4CC5A5FF0 /* AppDelegate */ = {
			isa = PBXGroup;
			children = (
				4590134A051842EE452F1E3B /* AppCoordinator.swift */,
				4D220547AE0D4451E68BE7D1 /* AppCoordinatorFactory.swift */,
				BB075C1327A156E59A2E6507 /* AppDelegate.swift */,
				94F94AC704D48CB632ADD99B /* AppModuleFactory.swift */,
			);
			path = AppDelegate;
			sourceTree = "<group>";
		};
		D79396FB1359F5C4B8152291 /* Core */ = {
			isa = PBXGroup;
			children = (
				55A19B93253250260033D53E /* Root */,
				FC509B44A90CE7F2BD302BF3 /* Coordinator */,
				A459C43DC562C60FB536C163 /* Extensions */,
				195F1525F4E9DC162A68E5E2 /* Routing */,
			);
			path = Core;
			sourceTree = "<group>";
		};
		E05761026FADD9DACFFF0538 /* Helpers */ = {
			isa = PBXGroup;
			children = (
				5BFF6AC77404C03634A79945 /* Closure.swift */,
			);
			path = Helpers;
			sourceTree = "<group>";
		};
		FC509B44A90CE7F2BD302BF3 /* Coordinator */ = {
			isa = PBXGroup;
			children = (
				C3F873CE643E5900E8BC64A2 /* BaseCoordinator.swift */,
				53B8C883ECF4CBE0E5C5F69C /* Coordinator.swift */,
				3FAC61BBAFBBD9B6C460962A /* CoordinatorFactory.swift */,
				DC14ED7D4B3C059471DC5A09 /* ModuleFactory.swift */,
			);
			path = Coordinator;
			sourceTree = "<group>";
		};
/* End PBXGroup section */

/* Begin PBXNativeTarget section */
		9258D1D726D15D79AEED0FB0 /* VTB */ = {
			isa = PBXNativeTarget;
			buildConfigurationList = B0270E9C225AD442FBD467D1 /* Build configuration list for PBXNativeTarget "VTB" */;
			buildPhases = (
				641013943C19C3AAD132B8DD /* Sources */,
				0F6FD3072863CC9EFF52698E /* Resources */,
				55C53C702531F09F00BAA6E7 /* Frameworks */,
				55C53C712531F09F00BAA6E7 /* Embed Frameworks */,
			);
			buildRules = (
			);
			dependencies = (
			);
			name = VTB;
			productName = VTB;
			productReference = 90A7EC6362B68882BC38C2F1 /* VTB.app */;
			productType = "com.apple.product-type.application";
		};
/* End PBXNativeTarget section */

/* Begin PBXProject section */
		7AD6A0E569E0F8A462B3122F /* Project object */ = {
			isa = PBXProject;
			attributes = {
				LastUpgradeCheck = 1200;
				ORGANIZATIONNAME = "IBI-Solutions";
			};
			buildConfigurationList = 954EFE515E3BE155C4CF9C71 /* Build configuration list for PBXProject "VTB" */;
			compatibilityVersion = "Xcode 10.0";
			developmentRegion = en;
			hasScannedForEncodings = 0;
			knownRegions = (
				Base,
				en,
			);
			mainGroup = 4CD0D9D21123919C8ADC923B;
			projectDirPath = "";
			projectRoot = "";
			targets = (
				9258D1D726D15D79AEED0FB0 /* VTB */,
			);
		};
/* End PBXProject section */

/* Begin PBXResourcesBuildPhase section */
		0F6FD3072863CC9EFF52698E /* Resources */ = {
			isa = PBXResourcesBuildPhase;
			buildActionMask = 2147483647;
			files = (
				30A6913365BEB749CEBA3549 /* Assets.xcassets in Resources */,
				5AF8862A7B4022E43A1C9339 /* LaunchScreen.storyboard in Resources */,
			);
			runOnlyForDeploymentPostprocessing = 0;
		};
/* End PBXResourcesBuildPhase section */

/* Begin PBXSourcesBuildPhase section */
		641013943C19C3AAD132B8DD /* Sources */ = {
			isa = PBXSourcesBuildPhase;
			buildActionMask = 2147483647;
			files = (
				4830536CC7ECB9D281049879 /* + VNRecognizedObjectObservation.swift in Sources */,
				18D1A1D7AB020D8DFB177885 /* AppCoordinator.swift in Sources */,
				9E9D3ABD38DFC9C8815C5949 /* AppCoordinatorFactory.swift in Sources */,
				FCEA5DB9E180A76AABC9369F /* AppDelegate.swift in Sources */,
				474FB84F7C048318644BFCA7 /* AppModuleFactory.swift in Sources */,
				D9ADD6674F762590D4BE9715 /* BaseCoordinator.swift in Sources */,
				A45B043697281BBBD7750FA9 /* Calculate.swift in Sources */,
				8BAB2123C02EC81C51A7FB18 /* Carloan.swift in Sources */,
				74C75CC58C332688283D9E48 /* ChooseFlowPresenter.swift in Sources */,
				A357BEE0071B66D62B4CB010 /* ChooseFlowViewController.swift in Sources */,
				2A133D8ADBE34D656EF87381 /* Closure.swift in Sources */,
				54DBE5B525279807CD9EDD2C /* Coordinator.swift in Sources */,
				63C34BF1E90793A8E8D4BA9F /* CoordinatorFactory.swift in Sources */,
				B71FD4FC406714867172CDFE /* CreditCalculatorPresenter.swift in Sources */,
				A2C76DA8030EC50094372041 /* CreditCalculatorViewController.swift in Sources */,
				551C4BCFEBCC82C9D8A172E1 /* CreditCoordinator.swift in Sources */,
				2C30D4F7D8049EC4D32C2A79 /* CreditCoordinatorFactory.swift in Sources */,
				CC0128DFF413603FFC74D108 /* CreditModuleFactory.swift in Sources */,
				455432EFD97F8E77AC350EBB /* CreditResultPresenter.swift in Sources */,
				1CC7FB6F28BB541594C96A05 /* CreditResultViewController.swift in Sources */,
				EC8F5D87A743DD7A07419811 /* ModuleFactory.swift in Sources */,
				BF96496B44A139E54F72015F /* Presentable.swift in Sources */,
				5523A53F25329D2C00225F29 /* CreditOfferPresenter.swift in Sources */,
				8974B9D9C3F95484EE1FB0B0 /* Router.swift in Sources */,
				F445AD832D72AE1D61DF6AC3 /* RouterImp.swift in Sources */,
				FDA79D39AA632BC0FBBB54A7 /* ScanPresenter.swift in Sources */,
				5523A54025329D2C00225F29 /* CreditOfferViewController.swift in Sources */,
				5FCA45B39974118A4352CDCA /* ScanViewController.swift in Sources */,
				CA9B67F210B67DBF2BE9429E /* StarterCoordinator.swift in Sources */,
				62E5653B529CB4B6DD5572C3 /* StarterCoordinatorFactory.swift in Sources */,
				B3C42E5CAF25E7EE6EC5EB4D /* StarterModuleFactory.swift in Sources */,
				09CF3A01B7112E65B29801B4 /* VideoCapture.swift in Sources */,
				55A19B95253250330033D53E /* AppData.swift in Sources */,
				92EAA9AD59E02F0F4BDC566F /* ViewController.swift in Sources */,
				1E8A69E4191D59D989410FBC /* YOLOv3Tiny.mlmodel in Sources */,
			);
			runOnlyForDeploymentPostprocessing = 0;
		};
/* End PBXSourcesBuildPhase section */

/* Begin PBXVariantGroup section */
		897D59029163E6B8925C7B4F /* LaunchScreen.storyboard */ = {
			isa = PBXVariantGroup;
			children = (
				C583FA14094266DD7994FFC6 /* Base */,
			);
			name = LaunchScreen.storyboard;
			sourceTree = "<group>";
		};
/* End PBXVariantGroup section */

/* Begin XCBuildConfiguration section */
		22FD9880C2F561EC333EA986 /* Release */ = {
			isa = XCBuildConfiguration;
			buildSettings = {
				ALWAYS_SEARCH_USER_PATHS = NO;
				CLANG_ANALYZER_NONNULL = YES;
				CLANG_ANALYZER_NUMBER_OBJECT_CONVERSION = YES_AGGRESSIVE;
				CLANG_CXX_LANGUAGE_STANDARD = "gnu++14";
				CLANG_CXX_LIBRARY = "libc++";
				CLANG_ENABLE_MODULES = YES;
				CLANG_ENABLE_OBJC_ARC = YES;
				CLANG_ENABLE_OBJC_WEAK = YES;
				CLANG_WARN_BLOCK_CAPTURE_AUTORELEASING = YES;
				CLANG_WARN_BOOL_CONVERSION = YES;
				CLANG_WARN_COMMA = YES;
				CLANG_WARN_CONSTANT_CONVERSION = YES;
				CLANG_WARN_DEPRECATED_OBJC_IMPLEMENTATIONS = YES;
				CLANG_WARN_DIRECT_OBJC_ISA_USAGE = YES_ERROR;
				CLANG_WARN_DOCUMENTATION_COMMENTS = YES;
				CLANG_WARN_EMPTY_BODY = YES;
				CLANG_WARN_ENUM_CONVERSION = YES;
				CLANG_WARN_INFINITE_RECURSION = YES;
				CLANG_WARN_INT_CONVERSION = YES;
				CLANG_WARN_NON_LITERAL_NULL_CONVERSION = YES;
				CLANG_WARN_OBJC_IMPLICIT_RETAIN_SELF = YES;
				CLANG_WARN_OBJC_LITERAL_CONVERSION = YES;
				CLANG_WARN_OBJC_ROOT_CLASS = YES_ERROR;
				CLANG_WARN_QUOTED_INCLUDE_IN_FRAMEWORK_HEADER = YES;
				CLANG_WARN_RANGE_LOOP_ANALYSIS = YES;
				CLANG_WARN_STRICT_PROTOTYPES = YES;
				CLANG_WARN_SUSPICIOUS_MOVE = YES;
				CLANG_WARN_UNGUARDED_AVAILABILITY = YES_AGGRESSIVE;
				CLANG_WARN_UNREACHABLE_CODE = YES;
				CLANG_WARN__DUPLICATE_METHOD_MATCH = YES;
				COPY_PHASE_STRIP = NO;
				DEBUG_INFORMATION_FORMAT = "dwarf-with-dsym";
				ENABLE_NS_ASSERTIONS = NO;
				ENABLE_STRICT_OBJC_MSGSEND = YES;
				GCC_C_LANGUAGE_STANDARD = gnu11;
				GCC_NO_COMMON_BLOCKS = YES;
				GCC_WARN_64_TO_32_BIT_CONVERSION = YES;
				GCC_WARN_ABOUT_RETURN_TYPE = YES_ERROR;
				GCC_WARN_UNDECLARED_SELECTOR = YES;
				GCC_WARN_UNINITIALIZED_AUTOS = YES_AGGRESSIVE;
				GCC_WARN_UNUSED_FUNCTION = YES;
				GCC_WARN_UNUSED_VARIABLE = YES;
				IPHONEOS_DEPLOYMENT_TARGET = 14.0;
				MTL_ENABLE_DEBUG_INFO = NO;
				MTL_FAST_MATH = YES;
				PRODUCT_NAME = "$(TARGET_NAME)";
				SDKROOT = iphoneos;
				SWIFT_COMPILATION_MODE = wholemodule;
				SWIFT_OPTIMIZATION_LEVEL = "-O";
				SWIFT_VERSION = 5.0;
			};
			name = Release;
		};
		57A0FFFEF0B264EE0C61BA24 /* Release */ = {
			isa = XCBuildConfiguration;
			buildSettings = {
				ASSETCATALOG_COMPILER_APPICON_NAME = AppIcon;
				CODE_SIGN_IDENTITY = "iPhone Developer";
				DEVELOPMENT_TEAM = A7HQ3AATVX;
				INFOPLIST_FILE = VTB/SupportingFiles/Info.plist;
				LD_RUNPATH_SEARCH_PATHS = (
					"$(inherited)",
					"@executable_path/Frameworks",
				);
				PRODUCT_BUNDLE_IDENTIFIER = "com.IBI-Solutions.VTB";
				SDKROOT = iphoneos;
				TARGETED_DEVICE_FAMILY = "1,2";
			};
			name = Release;
		};
		9576BE2BFB7129C6B221A596 /* Debug */ = {
			isa = XCBuildConfiguration;
			buildSettings = {
				ASSETCATALOG_COMPILER_APPICON_NAME = AppIcon;
				CODE_SIGN_IDENTITY = "iPhone Developer";
				DEVELOPMENT_TEAM = A7HQ3AATVX;
				INFOPLIST_FILE = VTB/SupportingFiles/Info.plist;
				LD_RUNPATH_SEARCH_PATHS = (
					"$(inherited)",
					"@executable_path/Frameworks",
				);
				PRODUCT_BUNDLE_IDENTIFIER = "com.IBI-Solutions.VTB";
				SDKROOT = iphoneos;
				TARGETED_DEVICE_FAMILY = "1,2";
			};
			name = Debug;
		};
		B60798CE2661FC8527B01162 /* Debug */ = {
			isa = XCBuildConfiguration;
			buildSettings = {
				ALWAYS_SEARCH_USER_PATHS = NO;
				CLANG_ANALYZER_NONNULL = YES;
				CLANG_ANALYZER_NUMBER_OBJECT_CONVERSION = YES_AGGRESSIVE;
				CLANG_CXX_LANGUAGE_STANDARD = "gnu++14";
				CLANG_CXX_LIBRARY = "libc++";
				CLANG_ENABLE_MODULES = YES;
				CLANG_ENABLE_OBJC_ARC = YES;
				CLANG_ENABLE_OBJC_WEAK = YES;
				CLANG_WARN_BLOCK_CAPTURE_AUTORELEASING = YES;
				CLANG_WARN_BOOL_CONVERSION = YES;
				CLANG_WARN_COMMA = YES;
				CLANG_WARN_CONSTANT_CONVERSION = YES;
				CLANG_WARN_DEPRECATED_OBJC_IMPLEMENTATIONS = YES;
				CLANG_WARN_DIRECT_OBJC_ISA_USAGE = YES_ERROR;
				CLANG_WARN_DOCUMENTATION_COMMENTS = YES;
				CLANG_WARN_EMPTY_BODY = YES;
				CLANG_WARN_ENUM_CONVERSION = YES;
				CLANG_WARN_INFINITE_RECURSION = YES;
				CLANG_WARN_INT_CONVERSION = YES;
				CLANG_WARN_NON_LITERAL_NULL_CONVERSION = YES;
				CLANG_WARN_OBJC_IMPLICIT_RETAIN_SELF = YES;
				CLANG_WARN_OBJC_LITERAL_CONVERSION = YES;
				CLANG_WARN_OBJC_ROOT_CLASS = YES_ERROR;
				CLANG_WARN_QUOTED_INCLUDE_IN_FRAMEWORK_HEADER = YES;
				CLANG_WARN_RANGE_LOOP_ANALYSIS = YES;
				CLANG_WARN_STRICT_PROTOTYPES = YES;
				CLANG_WARN_SUSPICIOUS_MOVE = YES;
				CLANG_WARN_UNGUARDED_AVAILABILITY = YES_AGGRESSIVE;
				CLANG_WARN_UNREACHABLE_CODE = YES;
				CLANG_WARN__DUPLICATE_METHOD_MATCH = YES;
				COPY_PHASE_STRIP = NO;
				DEBUG_INFORMATION_FORMAT = dwarf;
				ENABLE_STRICT_OBJC_MSGSEND = YES;
				ENABLE_TESTABILITY = YES;
				GCC_C_LANGUAGE_STANDARD = gnu11;
				GCC_DYNAMIC_NO_PIC = NO;
				GCC_NO_COMMON_BLOCKS = YES;
				GCC_OPTIMIZATION_LEVEL = 0;
				GCC_PREPROCESSOR_DEFINITIONS = (
					"$(inherited)",
					"DEBUG=1",
				);
				GCC_WARN_64_TO_32_BIT_CONVERSION = YES;
				GCC_WARN_ABOUT_RETURN_TYPE = YES_ERROR;
				GCC_WARN_UNDECLARED_SELECTOR = YES;
				GCC_WARN_UNINITIALIZED_AUTOS = YES_AGGRESSIVE;
				GCC_WARN_UNUSED_FUNCTION = YES;
				GCC_WARN_UNUSED_VARIABLE = YES;
				IPHONEOS_DEPLOYMENT_TARGET = 14.0;
				MTL_ENABLE_DEBUG_INFO = INCLUDE_SOURCE;
				MTL_FAST_MATH = YES;
				ONLY_ACTIVE_ARCH = YES;
				PRODUCT_NAME = "$(TARGET_NAME)";
				SDKROOT = iphoneos;
				SWIFT_ACTIVE_COMPILATION_CONDITIONS = DEBUG;
				SWIFT_OPTIMIZATION_LEVEL = "-Onone";
				SWIFT_VERSION = 5.0;
			};
			name = Debug;
		};
/* End XCBuildConfiguration section */

/* Begin XCConfigurationList section */
		954EFE515E3BE155C4CF9C71 /* Build configuration list for PBXProject "VTB" */ = {
			isa = XCConfigurationList;
			buildConfigurations = (
				B60798CE2661FC8527B01162 /* Debug */,
				22FD9880C2F561EC333EA986 /* Release */,
			);
			defaultConfigurationIsVisible = 0;
			defaultConfigurationName = Debug;
		};
		B0270E9C225AD442FBD467D1 /* Build configuration list for PBXNativeTarget "VTB" */ = {
			isa = XCConfigurationList;
			buildConfigurations = (
				9576BE2BFB7129C6B221A596 /* Debug */,
				57A0FFFEF0B264EE0C61BA24 /* Release */,
			);
			defaultConfigurationIsVisible = 0;
			defaultConfigurationName = Debug;
		};
/* End XCConfigurationList section */
	};
	rootObject = 7AD6A0E569E0F8A462B3122F /* Project object */;
}
